// !$*UTF8*$!
{
	archiveVersion = 1;
	classes = {
	};
	objectVersion = 56;
	objects = {

/* Begin PBXBuildFile section */
		1020DC1B2B4DA35E00A83B4A /* PostDetailViewController.swift in Sources */ = {isa = PBXBuildFile; fileRef = 1020DC192B4DA35E00A83B4A /* PostDetailViewController.swift */; };
		1020DC1C2B4DA35E00A83B4A /* PostDetailViewPresenter.swift in Sources */ = {isa = PBXBuildFile; fileRef = 1020DC1A2B4DA35E00A83B4A /* PostDetailViewPresenter.swift */; };
		1020DC1E2B4DAB1A00A83B4A /* FavouriteImageView.swift in Sources */ = {isa = PBXBuildFile; fileRef = 1020DC1D2B4DAB1A00A83B4A /* FavouriteImageView.swift */; };
		1020DC202B4DB5F700A83B4A /* FavouriteTrailingAction.swift in Sources */ = {isa = PBXBuildFile; fileRef = 1020DC1F2B4DB5F700A83B4A /* FavouriteTrailingAction.swift */; };
		1020DC232B4DC9D300A83B4A /* Notification + Extension.swift in Sources */ = {isa = PBXBuildFile; fileRef = 1020DC222B4DC9D300A83B4A /* Notification + Extension.swift */; };
		108B8F452B4D9DF700A23887 /* AppDelegate.swift in Sources */ = {isa = PBXBuildFile; fileRef = 108B8F442B4D9DF700A23887 /* AppDelegate.swift */; };
		108B8F472B4D9DF700A23887 /* SceneDelegate.swift in Sources */ = {isa = PBXBuildFile; fileRef = 108B8F462B4D9DF700A23887 /* SceneDelegate.swift */; };
		108B8F4C2B4D9DF700A23887 /* Main.storyboard in Resources */ = {isa = PBXBuildFile; fileRef = 108B8F4A2B4D9DF700A23887 /* Main.storyboard */; };
		108B8F4E2B4D9DF700A23887 /* Assets.xcassets in Resources */ = {isa = PBXBuildFile; fileRef = 108B8F4D2B4D9DF700A23887 /* Assets.xcassets */; };
		108B8F512B4D9DF700A23887 /* LaunchScreen.storyboard in Resources */ = {isa = PBXBuildFile; fileRef = 108B8F4F2B4D9DF700A23887 /* LaunchScreen.storyboard */; };
		108B8F582B4D9E9A00A23887 /* FavouritePostListViewController.swift in Sources */ = {isa = PBXBuildFile; fileRef = 10E8DD052B4C49A6005D90E0 /* FavouritePostListViewController.swift */; };
		108B8F5A2B4D9E9A00A23887 /* TabBarController.swift in Sources */ = {isa = PBXBuildFile; fileRef = 10E8DD022B4C4845005D90E0 /* TabBarController.swift */; };
		108B8F5C2B4D9E9A00A23887 /* PostListViewController.swift in Sources */ = {isa = PBXBuildFile; fileRef = 106396EE2B416DA70056230C /* PostListViewController.swift */; };
		108B8F5D2B4D9E9A00A23887 /* PostListPresenter.swift in Sources */ = {isa = PBXBuildFile; fileRef = 106396EF2B416DA70056230C /* PostListPresenter.swift */; };
		108B8F5E2B4D9E9A00A23887 /* FavouritePostListPresenter.swift in Sources */ = {isa = PBXBuildFile; fileRef = 10E8DD072B4C4A14005D90E0 /* FavouritePostListPresenter.swift */; };
		108B8F5F2B4D9EBC00A23887 /* StorageError.swift in Sources */ = {isa = PBXBuildFile; fileRef = 106396FD2B416EBC0056230C /* StorageError.swift */; };
		108B8F602B4D9EBC00A23887 /* Storage.swift in Sources */ = {isa = PBXBuildFile; fileRef = 106396FA2B416EBC0056230C /* Storage.swift */; };
		108B8F612B4D9EBC00A23887 /* PostStorage.swift in Sources */ = {isa = PBXBuildFile; fileRef = 106396FC2B416EBC0056230C /* PostStorage.swift */; };
		108B8F622B4D9EED00A23887 /* Model.swift in Sources */ = {isa = PBXBuildFile; fileRef = 106396DF2B416D930056230C /* Model.swift */; };
		108B8F632B4D9EED00A23887 /* Log.swift in Sources */ = {isa = PBXBuildFile; fileRef = 106396E12B416D930056230C /* Log.swift */; };
		108B8F642B4D9EED00A23887 /* Post.swift in Sources */ = {isa = PBXBuildFile; fileRef = 106396E22B416D930056230C /* Post.swift */; };
		108B8F652B4D9EED00A23887 /* Post + Data.swift in Sources */ = {isa = PBXBuildFile; fileRef = 106396E02B416D930056230C /* Post + Data.swift */; };
		108B8F662B4D9EF100A23887 /* Api.swift in Sources */ = {isa = PBXBuildFile; fileRef = 106396DC2B416D880056230C /* Api.swift */; };
		108B8F672B4D9EF400A23887 /* Extensions.swift in Sources */ = {isa = PBXBuildFile; fileRef = 106396F32B416DAF0056230C /* Extensions.swift */; };
		108B8F682B4D9F3800A23887 /* DetailTextLabel.swift in Sources */ = {isa = PBXBuildFile; fileRef = 10E8DCFB2B4C4089005D90E0 /* DetailTextLabel.swift */; };
		108B8F692B4D9F3800A23887 /* FavouriteButton.swift in Sources */ = {isa = PBXBuildFile; fileRef = 10E8DCFD2B4C40F0005D90E0 /* FavouriteButton.swift */; };
		108B8F6A2B4D9F3800A23887 /* DetailTitleLabel.swift in Sources */ = {isa = PBXBuildFile; fileRef = 10E8DCF92B4C4047005D90E0 /* DetailTitleLabel.swift */; };
		108B8F6D2B4D9F4D00A23887 /* PostCell.xib in Resources */ = {isa = PBXBuildFile; fileRef = 106396E92B416D9E0056230C /* PostCell.xib */; };
		108B8F6E2B4D9F4D00A23887 /* PostCell.swift in Sources */ = {isa = PBXBuildFile; fileRef = 106396EA2B416D9E0056230C /* PostCell.swift */; };
		108B8F762B4D9FAA00A23887 /* AppDelegate.swift in Sources */ = {isa = PBXBuildFile; fileRef = 108B8F752B4D9FAA00A23887 /* AppDelegate.swift */; };
		108B8F782B4D9FAA00A23887 /* SceneDelegate.swift in Sources */ = {isa = PBXBuildFile; fileRef = 108B8F772B4D9FAA00A23887 /* SceneDelegate.swift */; };
		108B8F7D2B4D9FAA00A23887 /* Main.storyboard in Resources */ = {isa = PBXBuildFile; fileRef = 108B8F7B2B4D9FAA00A23887 /* Main.storyboard */; };
		108B8F7F2B4D9FAB00A23887 /* Assets.xcassets in Resources */ = {isa = PBXBuildFile; fileRef = 108B8F7E2B4D9FAB00A23887 /* Assets.xcassets */; };
		108B8F822B4D9FAB00A23887 /* LaunchScreen.storyboard in Resources */ = {isa = PBXBuildFile; fileRef = 108B8F802B4D9FAB00A23887 /* LaunchScreen.storyboard */; };
		108B8F892B4D9FFA00A23887 /* MVCListViewController.swift in Sources */ = {isa = PBXBuildFile; fileRef = 106397072B4173F80056230C /* MVCListViewController.swift */; };
		108B8F912B4DA01800A23887 /* AppDelegate.swift in Sources */ = {isa = PBXBuildFile; fileRef = 108B8F902B4DA01800A23887 /* AppDelegate.swift */; };
		108B8F932B4DA01800A23887 /* SceneDelegate.swift in Sources */ = {isa = PBXBuildFile; fileRef = 108B8F922B4DA01800A23887 /* SceneDelegate.swift */; };
		108B8F982B4DA01800A23887 /* Main.storyboard in Resources */ = {isa = PBXBuildFile; fileRef = 108B8F962B4DA01800A23887 /* Main.storyboard */; };
		108B8F9A2B4DA01900A23887 /* Assets.xcassets in Resources */ = {isa = PBXBuildFile; fileRef = 108B8F992B4DA01900A23887 /* Assets.xcassets */; };
		108B8F9D2B4DA01900A23887 /* LaunchScreen.storyboard in Resources */ = {isa = PBXBuildFile; fileRef = 108B8F9B2B4DA01900A23887 /* LaunchScreen.storyboard */; };
		108B8FA52B4DA0CD00A23887 /* PostStorage.swift in Sources */ = {isa = PBXBuildFile; fileRef = 106396FC2B416EBC0056230C /* PostStorage.swift */; };
		108B8FA62B4DA0CD00A23887 /* StorageError.swift in Sources */ = {isa = PBXBuildFile; fileRef = 106396FD2B416EBC0056230C /* StorageError.swift */; };
		108B8FA72B4DA0CD00A23887 /* Storage.swift in Sources */ = {isa = PBXBuildFile; fileRef = 106396FA2B416EBC0056230C /* Storage.swift */; };
		108B8FA82B4DA0CD00A23887 /* PostStorage.swift in Sources */ = {isa = PBXBuildFile; fileRef = 106396FC2B416EBC0056230C /* PostStorage.swift */; };
		108B8FA92B4DA0CD00A23887 /* StorageError.swift in Sources */ = {isa = PBXBuildFile; fileRef = 106396FD2B416EBC0056230C /* StorageError.swift */; };
		108B8FAA2B4DA0CD00A23887 /* Storage.swift in Sources */ = {isa = PBXBuildFile; fileRef = 106396FA2B416EBC0056230C /* Storage.swift */; };
		108B8FAB2B4DA0D200A23887 /* Model.swift in Sources */ = {isa = PBXBuildFile; fileRef = 106396DF2B416D930056230C /* Model.swift */; };
		108B8FAC2B4DA0D200A23887 /* Post + Data.swift in Sources */ = {isa = PBXBuildFile; fileRef = 106396E02B416D930056230C /* Post + Data.swift */; };
		108B8FAD2B4DA0D200A23887 /* Post.swift in Sources */ = {isa = PBXBuildFile; fileRef = 106396E22B416D930056230C /* Post.swift */; };
		108B8FAE2B4DA0D200A23887 /* Log.swift in Sources */ = {isa = PBXBuildFile; fileRef = 106396E12B416D930056230C /* Log.swift */; };
		108B8FAF2B4DA0D200A23887 /* Model.swift in Sources */ = {isa = PBXBuildFile; fileRef = 106396DF2B416D930056230C /* Model.swift */; };
		108B8FB02B4DA0D200A23887 /* Post + Data.swift in Sources */ = {isa = PBXBuildFile; fileRef = 106396E02B416D930056230C /* Post + Data.swift */; };
		108B8FB12B4DA0D200A23887 /* Post.swift in Sources */ = {isa = PBXBuildFile; fileRef = 106396E22B416D930056230C /* Post.swift */; };
		108B8FB22B4DA0D200A23887 /* Log.swift in Sources */ = {isa = PBXBuildFile; fileRef = 106396E12B416D930056230C /* Log.swift */; };
		108B8FB32B4DA0D700A23887 /* Extensions.swift in Sources */ = {isa = PBXBuildFile; fileRef = 106396F32B416DAF0056230C /* Extensions.swift */; };
		108B8FB42B4DA0D700A23887 /* Api.swift in Sources */ = {isa = PBXBuildFile; fileRef = 106396DC2B416D880056230C /* Api.swift */; };
		108B8FB52B4DA0D800A23887 /* Extensions.swift in Sources */ = {isa = PBXBuildFile; fileRef = 106396F32B416DAF0056230C /* Extensions.swift */; };
		108B8FB62B4DA0D800A23887 /* Api.swift in Sources */ = {isa = PBXBuildFile; fileRef = 106396DC2B416D880056230C /* Api.swift */; };
		108B8FB72B4DA0DF00A23887 /* PostCell.swift in Sources */ = {isa = PBXBuildFile; fileRef = 106396EA2B416D9E0056230C /* PostCell.swift */; };
		108B8FB82B4DA0DF00A23887 /* DetailTextLabel.swift in Sources */ = {isa = PBXBuildFile; fileRef = 10E8DCFB2B4C4089005D90E0 /* DetailTextLabel.swift */; };
		108B8FB92B4DA0DF00A23887 /* FavouriteButton.swift in Sources */ = {isa = PBXBuildFile; fileRef = 10E8DCFD2B4C40F0005D90E0 /* FavouriteButton.swift */; };
		108B8FBA2B4DA0DF00A23887 /* DetailTitleLabel.swift in Sources */ = {isa = PBXBuildFile; fileRef = 10E8DCF92B4C4047005D90E0 /* DetailTitleLabel.swift */; };
		108B8FBB2B4DA0DF00A23887 /* PostCell.xib in Resources */ = {isa = PBXBuildFile; fileRef = 106396E92B416D9E0056230C /* PostCell.xib */; };
		108B8FBC2B4DA0E000A23887 /* PostCell.swift in Sources */ = {isa = PBXBuildFile; fileRef = 106396EA2B416D9E0056230C /* PostCell.swift */; };
		108B8FBD2B4DA0E000A23887 /* DetailTextLabel.swift in Sources */ = {isa = PBXBuildFile; fileRef = 10E8DCFB2B4C4089005D90E0 /* DetailTextLabel.swift */; };
		108B8FBE2B4DA0E000A23887 /* FavouriteButton.swift in Sources */ = {isa = PBXBuildFile; fileRef = 10E8DCFD2B4C40F0005D90E0 /* FavouriteButton.swift */; };
		108B8FBF2B4DA0E000A23887 /* DetailTitleLabel.swift in Sources */ = {isa = PBXBuildFile; fileRef = 10E8DCF92B4C4047005D90E0 /* DetailTitleLabel.swift */; };
		108B8FC02B4DA0E000A23887 /* PostCell.xib in Resources */ = {isa = PBXBuildFile; fileRef = 106396E92B416D9E0056230C /* PostCell.xib */; };
/* End PBXBuildFile section */

/* Begin PBXFileReference section */
		1020DC192B4DA35E00A83B4A /* PostDetailViewController.swift */ = {isa = PBXFileReference; fileEncoding = 4; lastKnownFileType = sourcecode.swift; path = PostDetailViewController.swift; sourceTree = "<group>"; };
		1020DC1A2B4DA35E00A83B4A /* PostDetailViewPresenter.swift */ = {isa = PBXFileReference; fileEncoding = 4; lastKnownFileType = sourcecode.swift; path = PostDetailViewPresenter.swift; sourceTree = "<group>"; };
		1020DC1D2B4DAB1A00A83B4A /* FavouriteImageView.swift */ = {isa = PBXFileReference; lastKnownFileType = sourcecode.swift; path = FavouriteImageView.swift; sourceTree = "<group>"; };
		1020DC1F2B4DB5F700A83B4A /* FavouriteTrailingAction.swift */ = {isa = PBXFileReference; lastKnownFileType = sourcecode.swift; path = FavouriteTrailingAction.swift; sourceTree = "<group>"; };
		1020DC222B4DC9D300A83B4A /* Notification + Extension.swift */ = {isa = PBXFileReference; lastKnownFileType = sourcecode.swift; path = "Notification + Extension.swift"; sourceTree = "<group>"; };
		106396DC2B416D880056230C /* Api.swift */ = {isa = PBXFileReference; fileEncoding = 4; lastKnownFileType = sourcecode.swift; path = Api.swift; sourceTree = "<group>"; };
		106396DF2B416D930056230C /* Model.swift */ = {isa = PBXFileReference; fileEncoding = 4; lastKnownFileType = sourcecode.swift; path = Model.swift; sourceTree = "<group>"; };
		106396E02B416D930056230C /* Post + Data.swift */ = {isa = PBXFileReference; fileEncoding = 4; lastKnownFileType = sourcecode.swift; path = "Post + Data.swift"; sourceTree = "<group>"; };
		106396E12B416D930056230C /* Log.swift */ = {isa = PBXFileReference; fileEncoding = 4; lastKnownFileType = sourcecode.swift; path = Log.swift; sourceTree = "<group>"; };
		106396E22B416D930056230C /* Post.swift */ = {isa = PBXFileReference; fileEncoding = 4; lastKnownFileType = sourcecode.swift; path = Post.swift; sourceTree = "<group>"; };
		106396E92B416D9E0056230C /* PostCell.xib */ = {isa = PBXFileReference; fileEncoding = 4; lastKnownFileType = file.xib; path = PostCell.xib; sourceTree = "<group>"; };
		106396EA2B416D9E0056230C /* PostCell.swift */ = {isa = PBXFileReference; fileEncoding = 4; lastKnownFileType = sourcecode.swift; path = PostCell.swift; sourceTree = "<group>"; };
		106396EE2B416DA70056230C /* PostListViewController.swift */ = {isa = PBXFileReference; fileEncoding = 4; lastKnownFileType = sourcecode.swift; path = PostListViewController.swift; sourceTree = "<group>"; };
		106396EF2B416DA70056230C /* PostListPresenter.swift */ = {isa = PBXFileReference; fileEncoding = 4; lastKnownFileType = sourcecode.swift; path = PostListPresenter.swift; sourceTree = "<group>"; };
		106396F32B416DAF0056230C /* Extensions.swift */ = {isa = PBXFileReference; fileEncoding = 4; lastKnownFileType = sourcecode.swift; path = Extensions.swift; sourceTree = "<group>"; };
		106396FA2B416EBC0056230C /* Storage.swift */ = {isa = PBXFileReference; fileEncoding = 4; lastKnownFileType = sourcecode.swift; path = Storage.swift; sourceTree = "<group>"; };
		106396FC2B416EBC0056230C /* PostStorage.swift */ = {isa = PBXFileReference; fileEncoding = 4; lastKnownFileType = sourcecode.swift; path = PostStorage.swift; sourceTree = "<group>"; };
		106396FD2B416EBC0056230C /* StorageError.swift */ = {isa = PBXFileReference; fileEncoding = 4; lastKnownFileType = sourcecode.swift; path = StorageError.swift; sourceTree = "<group>"; };
		106397072B4173F80056230C /* MVCListViewController.swift */ = {isa = PBXFileReference; lastKnownFileType = sourcecode.swift; path = MVCListViewController.swift; sourceTree = "<group>"; };
		1063970A2B4177220056230C /* MVVMPostListViewController.swift */ = {isa = PBXFileReference; lastKnownFileType = sourcecode.swift; path = MVVMPostListViewController.swift; sourceTree = "<group>"; };
		1063970C2B41772D0056230C /* PostListViewModel.swift */ = {isa = PBXFileReference; lastKnownFileType = sourcecode.swift; path = PostListViewModel.swift; sourceTree = "<group>"; };
		108B8F422B4D9DF700A23887 /* MVPArchitecture.app */ = {isa = PBXFileReference; explicitFileType = wrapper.application; includeInIndex = 0; path = MVPArchitecture.app; sourceTree = BUILT_PRODUCTS_DIR; };
		108B8F442B4D9DF700A23887 /* AppDelegate.swift */ = {isa = PBXFileReference; lastKnownFileType = sourcecode.swift; path = AppDelegate.swift; sourceTree = "<group>"; };
		108B8F462B4D9DF700A23887 /* SceneDelegate.swift */ = {isa = PBXFileReference; lastKnownFileType = sourcecode.swift; path = SceneDelegate.swift; sourceTree = "<group>"; };
		108B8F4B2B4D9DF700A23887 /* Base */ = {isa = PBXFileReference; lastKnownFileType = file.storyboard; name = Base; path = Base.lproj/Main.storyboard; sourceTree = "<group>"; };
		108B8F4D2B4D9DF700A23887 /* Assets.xcassets */ = {isa = PBXFileReference; lastKnownFileType = folder.assetcatalog; path = Assets.xcassets; sourceTree = "<group>"; };
		108B8F502B4D9DF700A23887 /* Base */ = {isa = PBXFileReference; lastKnownFileType = file.storyboard; name = Base; path = Base.lproj/LaunchScreen.storyboard; sourceTree = "<group>"; };
		108B8F522B4D9DF700A23887 /* Info.plist */ = {isa = PBXFileReference; lastKnownFileType = text.plist.xml; path = Info.plist; sourceTree = "<group>"; };
		108B8F732B4D9FAA00A23887 /* MVCArchitecture.app */ = {isa = PBXFileReference; explicitFileType = wrapper.application; includeInIndex = 0; path = MVCArchitecture.app; sourceTree = BUILT_PRODUCTS_DIR; };
		108B8F752B4D9FAA00A23887 /* AppDelegate.swift */ = {isa = PBXFileReference; lastKnownFileType = sourcecode.swift; path = AppDelegate.swift; sourceTree = "<group>"; };
		108B8F772B4D9FAA00A23887 /* SceneDelegate.swift */ = {isa = PBXFileReference; lastKnownFileType = sourcecode.swift; path = SceneDelegate.swift; sourceTree = "<group>"; };
		108B8F7C2B4D9FAA00A23887 /* Base */ = {isa = PBXFileReference; lastKnownFileType = file.storyboard; name = Base; path = Base.lproj/Main.storyboard; sourceTree = "<group>"; };
		108B8F7E2B4D9FAB00A23887 /* Assets.xcassets */ = {isa = PBXFileReference; lastKnownFileType = folder.assetcatalog; path = Assets.xcassets; sourceTree = "<group>"; };
		108B8F812B4D9FAB00A23887 /* Base */ = {isa = PBXFileReference; lastKnownFileType = file.storyboard; name = Base; path = Base.lproj/LaunchScreen.storyboard; sourceTree = "<group>"; };
		108B8F832B4D9FAB00A23887 /* Info.plist */ = {isa = PBXFileReference; lastKnownFileType = text.plist.xml; path = Info.plist; sourceTree = "<group>"; };
		108B8F8E2B4DA01800A23887 /* MVVMArchitecture.app */ = {isa = PBXFileReference; explicitFileType = wrapper.application; includeInIndex = 0; path = MVVMArchitecture.app; sourceTree = BUILT_PRODUCTS_DIR; };
		108B8F902B4DA01800A23887 /* AppDelegate.swift */ = {isa = PBXFileReference; lastKnownFileType = sourcecode.swift; path = AppDelegate.swift; sourceTree = "<group>"; };
		108B8F922B4DA01800A23887 /* SceneDelegate.swift */ = {isa = PBXFileReference; lastKnownFileType = sourcecode.swift; path = SceneDelegate.swift; sourceTree = "<group>"; };
		108B8F972B4DA01800A23887 /* Base */ = {isa = PBXFileReference; lastKnownFileType = file.storyboard; name = Base; path = Base.lproj/Main.storyboard; sourceTree = "<group>"; };
		108B8F992B4DA01900A23887 /* Assets.xcassets */ = {isa = PBXFileReference; lastKnownFileType = folder.assetcatalog; path = Assets.xcassets; sourceTree = "<group>"; };
		108B8F9C2B4DA01900A23887 /* Base */ = {isa = PBXFileReference; lastKnownFileType = file.storyboard; name = Base; path = Base.lproj/LaunchScreen.storyboard; sourceTree = "<group>"; };
		108B8F9E2B4DA01900A23887 /* Info.plist */ = {isa = PBXFileReference; lastKnownFileType = text.plist.xml; path = Info.plist; sourceTree = "<group>"; };
		10E8DCF92B4C4047005D90E0 /* DetailTitleLabel.swift */ = {isa = PBXFileReference; lastKnownFileType = sourcecode.swift; path = DetailTitleLabel.swift; sourceTree = "<group>"; };
		10E8DCFB2B4C4089005D90E0 /* DetailTextLabel.swift */ = {isa = PBXFileReference; lastKnownFileType = sourcecode.swift; path = DetailTextLabel.swift; sourceTree = "<group>"; };
		10E8DCFD2B4C40F0005D90E0 /* FavouriteButton.swift */ = {isa = PBXFileReference; lastKnownFileType = sourcecode.swift; path = FavouriteButton.swift; sourceTree = "<group>"; };
		10E8DD022B4C4845005D90E0 /* TabBarController.swift */ = {isa = PBXFileReference; lastKnownFileType = sourcecode.swift; path = TabBarController.swift; sourceTree = "<group>"; };
		10E8DD052B4C49A6005D90E0 /* FavouritePostListViewController.swift */ = {isa = PBXFileReference; lastKnownFileType = sourcecode.swift; path = FavouritePostListViewController.swift; sourceTree = "<group>"; };
		10E8DD072B4C4A14005D90E0 /* FavouritePostListPresenter.swift */ = {isa = PBXFileReference; lastKnownFileType = sourcecode.swift; path = FavouritePostListPresenter.swift; sourceTree = "<group>"; };
/* End PBXFileReference section */

/* Begin PBXFrameworksBuildPhase section */
		108B8F3F2B4D9DF700A23887 /* Frameworks */ = {
			isa = PBXFrameworksBuildPhase;
			buildActionMask = 2147483647;
			files = (
			);
			runOnlyForDeploymentPostprocessing = 0;
		};
		108B8F702B4D9FAA00A23887 /* Frameworks */ = {
			isa = PBXFrameworksBuildPhase;
			buildActionMask = 2147483647;
			files = (
			);
			runOnlyForDeploymentPostprocessing = 0;
		};
		108B8F8B2B4DA01800A23887 /* Frameworks */ = {
			isa = PBXFrameworksBuildPhase;
			buildActionMask = 2147483647;
			files = (
			);
			runOnlyForDeploymentPostprocessing = 0;
		};
/* End PBXFrameworksBuildPhase section */

/* Begin PBXGroup section */
		1020DC182B4DA35E00A83B4A /* PostDetailViewPresenter */ = {
			isa = PBXGroup;
			children = (
				1020DC1A2B4DA35E00A83B4A /* PostDetailViewPresenter.swift */,
				1020DC192B4DA35E00A83B4A /* PostDetailViewController.swift */,
			);
			path = PostDetailViewPresenter;
			sourceTree = "<group>";
		};
		1020DC212B4DC9BD00A83B4A /* Notification */ = {
			isa = PBXGroup;
			children = (
				1020DC222B4DC9D300A83B4A /* Notification + Extension.swift */,
			);
			path = Notification;
			sourceTree = "<group>";
		};
		106396BA2B416D480056230C = {
			isa = PBXGroup;
			children = (
				108B8FA42B4DA07E00A23887 /* Application */,
				108B8F742B4D9FAA00A23887 /* MVCArchitecture */,
				108B8F8F2B4DA01800A23887 /* MVVMArchitecture */,
				108B8F432B4D9DF700A23887 /* MVPArchitecture */,
				106396C42B416D480056230C /* Products */,
			);
			sourceTree = "<group>";
		};
		106396C42B416D480056230C /* Products */ = {
			isa = PBXGroup;
			children = (
				108B8F422B4D9DF700A23887 /* MVPArchitecture.app */,
				108B8F732B4D9FAA00A23887 /* MVCArchitecture.app */,
				108B8F8E2B4DA01800A23887 /* MVVMArchitecture.app */,
			);
			name = Products;
			sourceTree = "<group>";
		};
		106396DB2B416D880056230C /* Api */ = {
			isa = PBXGroup;
			children = (
				106396DC2B416D880056230C /* Api.swift */,
			);
			path = Api;
			sourceTree = "<group>";
		};
		106396DE2B416D930056230C /* Model */ = {
			isa = PBXGroup;
			children = (
				106396DF2B416D930056230C /* Model.swift */,
				106396E02B416D930056230C /* Post + Data.swift */,
				106396E12B416D930056230C /* Log.swift */,
				106396E22B416D930056230C /* Post.swift */,
			);
			path = Model;
			sourceTree = "<group>";
		};
		106396E82B416D9E0056230C /* Xib */ = {
			isa = PBXGroup;
			children = (
				106396E92B416D9E0056230C /* PostCell.xib */,
				106396EA2B416D9E0056230C /* PostCell.swift */,
			);
			path = Xib;
			sourceTree = "<group>";
		};
		106396F22B416DAF0056230C /* Extensions */ = {
			isa = PBXGroup;
			children = (
				106396F32B416DAF0056230C /* Extensions.swift */,
			);
			path = Extensions;
			sourceTree = "<group>";
		};
		106396F92B416EBC0056230C /* Storage */ = {
			isa = PBXGroup;
			children = (
				106396FA2B416EBC0056230C /* Storage.swift */,
				106396FC2B416EBC0056230C /* PostStorage.swift */,
				106396FD2B416EBC0056230C /* StorageError.swift */,
			);
			path = Storage;
			sourceTree = "<group>";
		};
		108B8F432B4D9DF700A23887 /* MVPArchitecture */ = {
			isa = PBXGroup;
			children = (
				108B8F562B4D9E0E00A23887 /* Supporting Files */,
				108B8F572B4D9E4400A23887 /* Views */,
			);
			path = MVPArchitecture;
			sourceTree = "<group>";
		};
		108B8F562B4D9E0E00A23887 /* Supporting Files */ = {
			isa = PBXGroup;
			children = (
				108B8F442B4D9DF700A23887 /* AppDelegate.swift */,
				108B8F462B4D9DF700A23887 /* SceneDelegate.swift */,
				108B8F4A2B4D9DF700A23887 /* Main.storyboard */,
				108B8F4D2B4D9DF700A23887 /* Assets.xcassets */,
				108B8F4F2B4D9DF700A23887 /* LaunchScreen.storyboard */,
				108B8F522B4D9DF700A23887 /* Info.plist */,
			);
			path = "Supporting Files";
			sourceTree = "<group>";
		};
		108B8F572B4D9E4400A23887 /* Views */ = {
			isa = PBXGroup;
			children = (
				10E8DD012B4C4822005D90E0 /* TabBarController */,
				10E8DD002B4C47EB005D90E0 /* PostListViewController */,
				1020DC182B4DA35E00A83B4A /* PostDetailViewPresenter */,
				10E8DD042B4C4993005D90E0 /* FavouritePostListViewController */,
			);
			path = Views;
			sourceTree = "<group>";
		};
		108B8F742B4D9FAA00A23887 /* MVCArchitecture */ = {
			isa = PBXGroup;
			children = (
				108B8F872B4D9FC000A23887 /* Supporting Files */,
				108B8F882B4D9FF400A23887 /* Views */,
			);
			path = MVCArchitecture;
			sourceTree = "<group>";
		};
		108B8F872B4D9FC000A23887 /* Supporting Files */ = {
			isa = PBXGroup;
			children = (
				108B8F752B4D9FAA00A23887 /* AppDelegate.swift */,
				108B8F772B4D9FAA00A23887 /* SceneDelegate.swift */,
				108B8F7B2B4D9FAA00A23887 /* Main.storyboard */,
				108B8F7E2B4D9FAB00A23887 /* Assets.xcassets */,
				108B8F802B4D9FAB00A23887 /* LaunchScreen.storyboard */,
				108B8F832B4D9FAB00A23887 /* Info.plist */,
			);
			path = "Supporting Files";
			sourceTree = "<group>";
		};
		108B8F882B4D9FF400A23887 /* Views */ = {
			isa = PBXGroup;
			children = (
				106397072B4173F80056230C /* MVCListViewController.swift */,
			);
			path = Views;
			sourceTree = "<group>";
		};
		108B8F8F2B4DA01800A23887 /* MVVMArchitecture */ = {
			isa = PBXGroup;
			children = (
				108B8FA32B4DA05B00A23887 /* Views */,
				108B8FA22B4DA04900A23887 /* Supporting Files */,
			);
			path = MVVMArchitecture;
			sourceTree = "<group>";
		};
		108B8FA22B4DA04900A23887 /* Supporting Files */ = {
			isa = PBXGroup;
			children = (
				108B8F902B4DA01800A23887 /* AppDelegate.swift */,
				108B8F922B4DA01800A23887 /* SceneDelegate.swift */,
				108B8F962B4DA01800A23887 /* Main.storyboard */,
				108B8F992B4DA01900A23887 /* Assets.xcassets */,
				108B8F9B2B4DA01900A23887 /* LaunchScreen.storyboard */,
				108B8F9E2B4DA01900A23887 /* Info.plist */,
			);
			path = "Supporting Files";
			sourceTree = "<group>";
		};
		108B8FA32B4DA05B00A23887 /* Views */ = {
			isa = PBXGroup;
			children = (
				1063970C2B41772D0056230C /* PostListViewModel.swift */,
				1063970A2B4177220056230C /* MVVMPostListViewController.swift */,
			);
			path = Views;
			sourceTree = "<group>";
		};
		108B8FA42B4DA07E00A23887 /* Application */ = {
			isa = PBXGroup;
			children = (
				1020DC212B4DC9BD00A83B4A /* Notification */,
				106396F92B416EBC0056230C /* Storage */,
				106396DE2B416D930056230C /* Model */,
				106396DB2B416D880056230C /* Api */,
				106396F22B416DAF0056230C /* Extensions */,
				10E8DCF82B4C4035005D90E0 /* UI */,
			);
			path = Application;
			sourceTree = "<group>";
		};
		10E8DCF82B4C4035005D90E0 /* UI */ = {
			isa = PBXGroup;
			children = (
				106396E82B416D9E0056230C /* Xib */,
				10E8DCF92B4C4047005D90E0 /* DetailTitleLabel.swift */,
				10E8DCFB2B4C4089005D90E0 /* DetailTextLabel.swift */,
				10E8DCFD2B4C40F0005D90E0 /* FavouriteButton.swift */,
				1020DC1D2B4DAB1A00A83B4A /* FavouriteImageView.swift */,
				1020DC1F2B4DB5F700A83B4A /* FavouriteTrailingAction.swift */,
			);
			path = UI;
			sourceTree = "<group>";
		};
		10E8DD002B4C47EB005D90E0 /* PostListViewController */ = {
			isa = PBXGroup;
			children = (
				106396EF2B416DA70056230C /* PostListPresenter.swift */,
				106396EE2B416DA70056230C /* PostListViewController.swift */,
			);
			path = PostListViewController;
			sourceTree = "<group>";
		};
		10E8DD012B4C4822005D90E0 /* TabBarController */ = {
			isa = PBXGroup;
			children = (
				10E8DD022B4C4845005D90E0 /* TabBarController.swift */,
			);
			path = TabBarController;
			sourceTree = "<group>";
		};
		10E8DD042B4C4993005D90E0 /* FavouritePostListViewController */ = {
			isa = PBXGroup;
			children = (
				10E8DD072B4C4A14005D90E0 /* FavouritePostListPresenter.swift */,
				10E8DD052B4C49A6005D90E0 /* FavouritePostListViewController.swift */,
			);
			path = FavouritePostListViewController;
			sourceTree = "<group>";
		};
/* End PBXGroup section */

/* Begin PBXNativeTarget section */
		108B8F412B4D9DF700A23887 /* MVPArchitecture */ = {
			isa = PBXNativeTarget;
			buildConfigurationList = 108B8F532B4D9DF700A23887 /* Build configuration list for PBXNativeTarget "MVPArchitecture" */;
			buildPhases = (
				108B8F3E2B4D9DF700A23887 /* Sources */,
				108B8F3F2B4D9DF700A23887 /* Frameworks */,
				108B8F402B4D9DF700A23887 /* Resources */,
			);
			buildRules = (
			);
			dependencies = (
			);
			name = MVPArchitecture;
			productName = MVPArchitecture;
			productReference = 108B8F422B4D9DF700A23887 /* MVPArchitecture.app */;
			productType = "com.apple.product-type.application";
		};
		108B8F722B4D9FAA00A23887 /* MVCArchitecture */ = {
			isa = PBXNativeTarget;
			buildConfigurationList = 108B8F842B4D9FAB00A23887 /* Build configuration list for PBXNativeTarget "MVCArchitecture" */;
			buildPhases = (
				108B8F6F2B4D9FAA00A23887 /* Sources */,
				108B8F702B4D9FAA00A23887 /* Frameworks */,
				108B8F712B4D9FAA00A23887 /* Resources */,
			);
			buildRules = (
			);
			dependencies = (
			);
			name = MVCArchitecture;
			productName = MVCArchitecture;
			productReference = 108B8F732B4D9FAA00A23887 /* MVCArchitecture.app */;
			productType = "com.apple.product-type.application";
		};
		108B8F8D2B4DA01800A23887 /* MVVMArchitecture */ = {
			isa = PBXNativeTarget;
			buildConfigurationList = 108B8F9F2B4DA01900A23887 /* Build configuration list for PBXNativeTarget "MVVMArchitecture" */;
			buildPhases = (
				108B8F8A2B4DA01800A23887 /* Sources */,
				108B8F8B2B4DA01800A23887 /* Frameworks */,
				108B8F8C2B4DA01800A23887 /* Resources */,
			);
			buildRules = (
			);
			dependencies = (
			);
			name = MVVMArchitecture;
			productName = MVVMArchitecture;
			productReference = 108B8F8E2B4DA01800A23887 /* MVVMArchitecture.app */;
			productType = "com.apple.product-type.application";
		};
/* End PBXNativeTarget section */

/* Begin PBXProject section */
		106396BB2B416D480056230C /* Project object */ = {
			isa = PBXProject;
			attributes = {
				BuildIndependentTargetsInParallel = 1;
				LastSwiftUpdateCheck = 1420;
				LastUpgradeCheck = 1420;
				TargetAttributes = {
					108B8F412B4D9DF700A23887 = {
						CreatedOnToolsVersion = 14.2;
					};
					108B8F722B4D9FAA00A23887 = {
						CreatedOnToolsVersion = 14.2;
					};
					108B8F8D2B4DA01800A23887 = {
						CreatedOnToolsVersion = 14.2;
					};
				};
			};
			buildConfigurationList = 106396BE2B416D480056230C /* Build configuration list for PBXProject "iosArchitecture" */;
			compatibilityVersion = "Xcode 14.0";
			developmentRegion = en;
			hasScannedForEncodings = 0;
			knownRegions = (
				en,
				Base,
			);
			mainGroup = 106396BA2B416D480056230C;
			productRefGroup = 106396C42B416D480056230C /* Products */;
			projectDirPath = "";
			projectRoot = "";
			targets = (
				108B8F722B4D9FAA00A23887 /* MVCArchitecture */,
				108B8F8D2B4DA01800A23887 /* MVVMArchitecture */,
				108B8F412B4D9DF700A23887 /* MVPArchitecture */,
			);
		};
/* End PBXProject section */

/* Begin PBXResourcesBuildPhase section */
		108B8F402B4D9DF700A23887 /* Resources */ = {
			isa = PBXResourcesBuildPhase;
			buildActionMask = 2147483647;
			files = (
				108B8F512B4D9DF700A23887 /* LaunchScreen.storyboard in Resources */,
				108B8F4E2B4D9DF700A23887 /* Assets.xcassets in Resources */,
				108B8F4C2B4D9DF700A23887 /* Main.storyboard in Resources */,
				108B8F6D2B4D9F4D00A23887 /* PostCell.xib in Resources */,
			);
			runOnlyForDeploymentPostprocessing = 0;
		};
		108B8F712B4D9FAA00A23887 /* Resources */ = {
			isa = PBXResourcesBuildPhase;
			buildActionMask = 2147483647;
			files = (
				108B8F822B4D9FAB00A23887 /* LaunchScreen.storyboard in Resources */,
				108B8F7F2B4D9FAB00A23887 /* Assets.xcassets in Resources */,
				108B8F7D2B4D9FAA00A23887 /* Main.storyboard in Resources */,
				108B8FC02B4DA0E000A23887 /* PostCell.xib in Resources */,
			);
			runOnlyForDeploymentPostprocessing = 0;
		};
		108B8F8C2B4DA01800A23887 /* Resources */ = {
			isa = PBXResourcesBuildPhase;
			buildActionMask = 2147483647;
			files = (
				108B8F9D2B4DA01900A23887 /* LaunchScreen.storyboard in Resources */,
				108B8F9A2B4DA01900A23887 /* Assets.xcassets in Resources */,
				108B8F982B4DA01800A23887 /* Main.storyboard in Resources */,
				108B8FBB2B4DA0DF00A23887 /* PostCell.xib in Resources */,
			);
			runOnlyForDeploymentPostprocessing = 0;
		};
/* End PBXResourcesBuildPhase section */

/* Begin PBXSourcesBuildPhase section */
		108B8F3E2B4D9DF700A23887 /* Sources */ = {
			isa = PBXSourcesBuildPhase;
			buildActionMask = 2147483647;
			files = (
				108B8F6A2B4D9F3800A23887 /* DetailTitleLabel.swift in Sources */,
				1020DC232B4DC9D300A83B4A /* Notification + Extension.swift in Sources */,
				1020DC1B2B4DA35E00A83B4A /* PostDetailViewController.swift in Sources */,
				108B8F662B4D9EF100A23887 /* Api.swift in Sources */,
				108B8F652B4D9EED00A23887 /* Post + Data.swift in Sources */,
				108B8F5F2B4D9EBC00A23887 /* StorageError.swift in Sources */,
				108B8F632B4D9EED00A23887 /* Log.swift in Sources */,
				108B8F582B4D9E9A00A23887 /* FavouritePostListViewController.swift in Sources */,
				1020DC202B4DB5F700A83B4A /* FavouriteTrailingAction.swift in Sources */,
				108B8F672B4D9EF400A23887 /* Extensions.swift in Sources */,
				108B8F452B4D9DF700A23887 /* AppDelegate.swift in Sources */,
				108B8F602B4D9EBC00A23887 /* Storage.swift in Sources */,
				108B8F612B4D9EBC00A23887 /* PostStorage.swift in Sources */,
				108B8F622B4D9EED00A23887 /* Model.swift in Sources */,
				1020DC1E2B4DAB1A00A83B4A /* FavouriteImageView.swift in Sources */,
				108B8F682B4D9F3800A23887 /* DetailTextLabel.swift in Sources */,
				108B8F472B4D9DF700A23887 /* SceneDelegate.swift in Sources */,
				108B8F642B4D9EED00A23887 /* Post.swift in Sources */,
				108B8F5C2B4D9E9A00A23887 /* PostListViewController.swift in Sources */,
				1020DC1C2B4DA35E00A83B4A /* PostDetailViewPresenter.swift in Sources */,
				108B8F6E2B4D9F4D00A23887 /* PostCell.swift in Sources */,
				108B8F5A2B4D9E9A00A23887 /* TabBarController.swift in Sources */,
				108B8F5E2B4D9E9A00A23887 /* FavouritePostListPresenter.swift in Sources */,
				108B8F5D2B4D9E9A00A23887 /* PostListPresenter.swift in Sources */,
				108B8F692B4D9F3800A23887 /* FavouriteButton.swift in Sources */,
			);
			runOnlyForDeploymentPostprocessing = 0;
		};
		108B8F6F2B4D9FAA00A23887 /* Sources */ = {
			isa = PBXSourcesBuildPhase;
			buildActionMask = 2147483647;
			files = (
				108B8FBD2B4DA0E000A23887 /* DetailTextLabel.swift in Sources */,
				108B8FAF2B4DA0D200A23887 /* Model.swift in Sources */,
				108B8FA92B4DA0CD00A23887 /* StorageError.swift in Sources */,
				108B8FBC2B4DA0E000A23887 /* PostCell.swift in Sources */,
				108B8FB22B4DA0D200A23887 /* Log.swift in Sources */,
				108B8FA82B4DA0CD00A23887 /* PostStorage.swift in Sources */,
				108B8FBF2B4DA0E000A23887 /* DetailTitleLabel.swift in Sources */,
				108B8F892B4D9FFA00A23887 /* MVCListViewController.swift in Sources */,
				108B8F762B4D9FAA00A23887 /* AppDelegate.swift in Sources */,
				108B8FB62B4DA0D800A23887 /* Api.swift in Sources */,
				108B8F782B4D9FAA00A23887 /* SceneDelegate.swift in Sources */,
				108B8FB12B4DA0D200A23887 /* Post.swift in Sources */,
				108B8FAA2B4DA0CD00A23887 /* Storage.swift in Sources */,
				108B8FB52B4DA0D800A23887 /* Extensions.swift in Sources */,
				108B8FB02B4DA0D200A23887 /* Post + Data.swift in Sources */,
				108B8FBE2B4DA0E000A23887 /* FavouriteButton.swift in Sources */,
			);
			runOnlyForDeploymentPostprocessing = 0;
		};
		108B8F8A2B4DA01800A23887 /* Sources */ = {
			isa = PBXSourcesBuildPhase;
			buildActionMask = 2147483647;
			files = (
				108B8FA62B4DA0CD00A23887 /* StorageError.swift in Sources */,
				108B8FAC2B4DA0D200A23887 /* Post + Data.swift in Sources */,
				108B8FAE2B4DA0D200A23887 /* Log.swift in Sources */,
				108B8FA52B4DA0CD00A23887 /* PostStorage.swift in Sources */,
				108B8FAD2B4DA0D200A23887 /* Post.swift in Sources */,
				108B8FB82B4DA0DF00A23887 /* DetailTextLabel.swift in Sources */,
				108B8FB42B4DA0D700A23887 /* Api.swift in Sources */,
				108B8FB32B4DA0D700A23887 /* Extensions.swift in Sources */,
				108B8F912B4DA01800A23887 /* AppDelegate.swift in Sources */,
				108B8FAB2B4DA0D200A23887 /* Model.swift in Sources */,
				108B8F932B4DA01800A23887 /* SceneDelegate.swift in Sources */,
				108B8FA72B4DA0CD00A23887 /* Storage.swift in Sources */,
				108B8FB72B4DA0DF00A23887 /* PostCell.swift in Sources */,
				108B8FBA2B4DA0DF00A23887 /* DetailTitleLabel.swift in Sources */,
				108B8FB92B4DA0DF00A23887 /* FavouriteButton.swift in Sources */,
			);
			runOnlyForDeploymentPostprocessing = 0;
		};
/* End PBXSourcesBuildPhase section */

/* Begin PBXVariantGroup section */
		108B8F4A2B4D9DF700A23887 /* Main.storyboard */ = {
			isa = PBXVariantGroup;
			children = (
				108B8F4B2B4D9DF700A23887 /* Base */,
			);
			name = Main.storyboard;
			sourceTree = "<group>";
		};
		108B8F4F2B4D9DF700A23887 /* LaunchScreen.storyboard */ = {
			isa = PBXVariantGroup;
			children = (
				108B8F502B4D9DF700A23887 /* Base */,
			);
			name = LaunchScreen.storyboard;
			sourceTree = "<group>";
		};
		108B8F7B2B4D9FAA00A23887 /* Main.storyboard */ = {
			isa = PBXVariantGroup;
			children = (
				108B8F7C2B4D9FAA00A23887 /* Base */,
			);
			name = Main.storyboard;
			sourceTree = "<group>";
		};
		108B8F802B4D9FAB00A23887 /* LaunchScreen.storyboard */ = {
			isa = PBXVariantGroup;
			children = (
				108B8F812B4D9FAB00A23887 /* Base */,
			);
			name = LaunchScreen.storyboard;
			sourceTree = "<group>";
		};
		108B8F962B4DA01800A23887 /* Main.storyboard */ = {
			isa = PBXVariantGroup;
			children = (
				108B8F972B4DA01800A23887 /* Base */,
			);
			name = Main.storyboard;
			sourceTree = "<group>";
		};
		108B8F9B2B4DA01900A23887 /* LaunchScreen.storyboard */ = {
			isa = PBXVariantGroup;
			children = (
				108B8F9C2B4DA01900A23887 /* Base */,
			);
			name = LaunchScreen.storyboard;
			sourceTree = "<group>";
		};
/* End PBXVariantGroup section */

/* Begin XCBuildConfiguration section */
		106396D52B416D490056230C /* Debug */ = {
			isa = XCBuildConfiguration;
			buildSettings = {
				ALWAYS_SEARCH_USER_PATHS = NO;
				CLANG_ANALYZER_NONNULL = YES;
				CLANG_ANALYZER_NUMBER_OBJECT_CONVERSION = YES_AGGRESSIVE;
				CLANG_CXX_LANGUAGE_STANDARD = "gnu++20";
				CLANG_ENABLE_MODULES = YES;
				CLANG_ENABLE_OBJC_ARC = YES;
				CLANG_ENABLE_OBJC_WEAK = YES;
				CLANG_WARN_BLOCK_CAPTURE_AUTORELEASING = YES;
				CLANG_WARN_BOOL_CONVERSION = YES;
				CLANG_WARN_COMMA = YES;
				CLANG_WARN_CONSTANT_CONVERSION = YES;
				CLANG_WARN_DEPRECATED_OBJC_IMPLEMENTATIONS = YES;
				CLANG_WARN_DIRECT_OBJC_ISA_USAGE = YES_ERROR;
				CLANG_WARN_DOCUMENTATION_COMMENTS = YES;
				CLANG_WARN_EMPTY_BODY = YES;
				CLANG_WARN_ENUM_CONVERSION = YES;
				CLANG_WARN_INFINITE_RECURSION = YES;
				CLANG_WARN_INT_CONVERSION = YES;
				CLANG_WARN_NON_LITERAL_NULL_CONVERSION = YES;
				CLANG_WARN_OBJC_IMPLICIT_RETAIN_SELF = YES;
				CLANG_WARN_OBJC_LITERAL_CONVERSION = YES;
				CLANG_WARN_OBJC_ROOT_CLASS = YES_ERROR;
				CLANG_WARN_QUOTED_INCLUDE_IN_FRAMEWORK_HEADER = YES;
				CLANG_WARN_RANGE_LOOP_ANALYSIS = YES;
				CLANG_WARN_STRICT_PROTOTYPES = YES;
				CLANG_WARN_SUSPICIOUS_MOVE = YES;
				CLANG_WARN_UNGUARDED_AVAILABILITY = YES_AGGRESSIVE;
				CLANG_WARN_UNREACHABLE_CODE = YES;
				CLANG_WARN__DUPLICATE_METHOD_MATCH = YES;
				COPY_PHASE_STRIP = NO;
				DEBUG_INFORMATION_FORMAT = dwarf;
				ENABLE_STRICT_OBJC_MSGSEND = YES;
				ENABLE_TESTABILITY = YES;
				GCC_C_LANGUAGE_STANDARD = gnu11;
				GCC_DYNAMIC_NO_PIC = NO;
				GCC_NO_COMMON_BLOCKS = YES;
				GCC_OPTIMIZATION_LEVEL = 0;
				GCC_PREPROCESSOR_DEFINITIONS = (
					"DEBUG=1",
					"$(inherited)",
				);
				GCC_WARN_64_TO_32_BIT_CONVERSION = YES;
				GCC_WARN_ABOUT_RETURN_TYPE = YES_ERROR;
				GCC_WARN_UNDECLARED_SELECTOR = YES;
				GCC_WARN_UNINITIALIZED_AUTOS = YES_AGGRESSIVE;
				GCC_WARN_UNUSED_FUNCTION = YES;
				GCC_WARN_UNUSED_VARIABLE = YES;
				IPHONEOS_DEPLOYMENT_TARGET = 16.2;
				MTL_ENABLE_DEBUG_INFO = INCLUDE_SOURCE;
				MTL_FAST_MATH = YES;
				ONLY_ACTIVE_ARCH = YES;
				SDKROOT = iphoneos;
				SWIFT_ACTIVE_COMPILATION_CONDITIONS = DEBUG;
				SWIFT_OPTIMIZATION_LEVEL = "-Onone";
			};
			name = Debug;
		};
		106396D62B416D490056230C /* Release */ = {
			isa = XCBuildConfiguration;
			buildSettings = {
				ALWAYS_SEARCH_USER_PATHS = NO;
				CLANG_ANALYZER_NONNULL = YES;
				CLANG_ANALYZER_NUMBER_OBJECT_CONVERSION = YES_AGGRESSIVE;
				CLANG_CXX_LANGUAGE_STANDARD = "gnu++20";
				CLANG_ENABLE_MODULES = YES;
				CLANG_ENABLE_OBJC_ARC = YES;
				CLANG_ENABLE_OBJC_WEAK = YES;
				CLANG_WARN_BLOCK_CAPTURE_AUTORELEASING = YES;
				CLANG_WARN_BOOL_CONVERSION = YES;
				CLANG_WARN_COMMA = YES;
				CLANG_WARN_CONSTANT_CONVERSION = YES;
				CLANG_WARN_DEPRECATED_OBJC_IMPLEMENTATIONS = YES;
				CLANG_WARN_DIRECT_OBJC_ISA_USAGE = YES_ERROR;
				CLANG_WARN_DOCUMENTATION_COMMENTS = YES;
				CLANG_WARN_EMPTY_BODY = YES;
				CLANG_WARN_ENUM_CONVERSION = YES;
				CLANG_WARN_INFINITE_RECURSION = YES;
				CLANG_WARN_INT_CONVERSION = YES;
				CLANG_WARN_NON_LITERAL_NULL_CONVERSION = YES;
				CLANG_WARN_OBJC_IMPLICIT_RETAIN_SELF = YES;
				CLANG_WARN_OBJC_LITERAL_CONVERSION = YES;
				CLANG_WARN_OBJC_ROOT_CLASS = YES_ERROR;
				CLANG_WARN_QUOTED_INCLUDE_IN_FRAMEWORK_HEADER = YES;
				CLANG_WARN_RANGE_LOOP_ANALYSIS = YES;
				CLANG_WARN_STRICT_PROTOTYPES = YES;
				CLANG_WARN_SUSPICIOUS_MOVE = YES;
				CLANG_WARN_UNGUARDED_AVAILABILITY = YES_AGGRESSIVE;
				CLANG_WARN_UNREACHABLE_CODE = YES;
				CLANG_WARN__DUPLICATE_METHOD_MATCH = YES;
				COPY_PHASE_STRIP = NO;
				DEBUG_INFORMATION_FORMAT = "dwarf-with-dsym";
				ENABLE_NS_ASSERTIONS = NO;
				ENABLE_STRICT_OBJC_MSGSEND = YES;
				GCC_C_LANGUAGE_STANDARD = gnu11;
				GCC_NO_COMMON_BLOCKS = YES;
				GCC_WARN_64_TO_32_BIT_CONVERSION = YES;
				GCC_WARN_ABOUT_RETURN_TYPE = YES_ERROR;
				GCC_WARN_UNDECLARED_SELECTOR = YES;
				GCC_WARN_UNINITIALIZED_AUTOS = YES_AGGRESSIVE;
				GCC_WARN_UNUSED_FUNCTION = YES;
				GCC_WARN_UNUSED_VARIABLE = YES;
				IPHONEOS_DEPLOYMENT_TARGET = 16.2;
				MTL_ENABLE_DEBUG_INFO = NO;
				MTL_FAST_MATH = YES;
				SDKROOT = iphoneos;
				SWIFT_COMPILATION_MODE = wholemodule;
				SWIFT_OPTIMIZATION_LEVEL = "-O";
				VALIDATE_PRODUCT = YES;
			};
			name = Release;
		};
		108B8F542B4D9DF700A23887 /* Debug */ = {
			isa = XCBuildConfiguration;
			buildSettings = {
				ASSETCATALOG_COMPILER_APPICON_NAME = AppIcon;
				ASSETCATALOG_COMPILER_GLOBAL_ACCENT_COLOR_NAME = AccentColor;
				CODE_SIGN_STYLE = Automatic;
				CURRENT_PROJECT_VERSION = 1;
				DEVELOPMENT_TEAM = KTV28US9SX;
				GENERATE_INFOPLIST_FILE = YES;
				INFOPLIST_FILE = "MVPArchitecture/Supporting Files/Info.plist";
				INFOPLIST_KEY_UIApplicationSupportsIndirectInputEvents = YES;
				INFOPLIST_KEY_UILaunchStoryboardName = LaunchScreen;
				INFOPLIST_KEY_UIMainStoryboardFile = Main;
				INFOPLIST_KEY_UISupportedInterfaceOrientations_iPad = "UIInterfaceOrientationPortrait UIInterfaceOrientationPortraitUpsideDown UIInterfaceOrientationLandscapeLeft UIInterfaceOrientationLandscapeRight";
				INFOPLIST_KEY_UISupportedInterfaceOrientations_iPhone = "UIInterfaceOrientationPortrait UIInterfaceOrientationLandscapeLeft UIInterfaceOrientationLandscapeRight";
				LD_RUNPATH_SEARCH_PATHS = (
					"$(inherited)",
					"@executable_path/Frameworks",
				);
				MARKETING_VERSION = 1.0;
				PRODUCT_BUNDLE_IDENTIFIER = com.sapgv.MVPArchitecture;
				PRODUCT_NAME = "$(TARGET_NAME)";
				SWIFT_EMIT_LOC_STRINGS = YES;
				SWIFT_VERSION = 5.0;
				TARGETED_DEVICE_FAMILY = "1,2";
			};
			name = Debug;
		};
		108B8F552B4D9DF700A23887 /* Release */ = {
			isa = XCBuildConfiguration;
			buildSettings = {
				ASSETCATALOG_COMPILER_APPICON_NAME = AppIcon;
				ASSETCATALOG_COMPILER_GLOBAL_ACCENT_COLOR_NAME = AccentColor;
				CODE_SIGN_STYLE = Automatic;
				CURRENT_PROJECT_VERSION = 1;
				DEVELOPMENT_TEAM = KTV28US9SX;
				GENERATE_INFOPLIST_FILE = YES;
				INFOPLIST_FILE = "MVPArchitecture/Supporting Files/Info.plist";
				INFOPLIST_KEY_UIApplicationSupportsIndirectInputEvents = YES;
				INFOPLIST_KEY_UILaunchStoryboardName = LaunchScreen;
				INFOPLIST_KEY_UIMainStoryboardFile = Main;
				INFOPLIST_KEY_UISupportedInterfaceOrientations_iPad = "UIInterfaceOrientationPortrait UIInterfaceOrientationPortraitUpsideDown UIInterfaceOrientationLandscapeLeft UIInterfaceOrientationLandscapeRight";
				INFOPLIST_KEY_UISupportedInterfaceOrientations_iPhone = "UIInterfaceOrientationPortrait UIInterfaceOrientationLandscapeLeft UIInterfaceOrientationLandscapeRight";
				LD_RUNPATH_SEARCH_PATHS = (
					"$(inherited)",
					"@executable_path/Frameworks",
				);
				MARKETING_VERSION = 1.0;
				PRODUCT_BUNDLE_IDENTIFIER = com.sapgv.MVPArchitecture;
				PRODUCT_NAME = "$(TARGET_NAME)";
				SWIFT_EMIT_LOC_STRINGS = YES;
				SWIFT_VERSION = 5.0;
				TARGETED_DEVICE_FAMILY = "1,2";
			};
			name = Release;
		};
		108B8F852B4D9FAB00A23887 /* Debug */ = {
			isa = XCBuildConfiguration;
			buildSettings = {
				ASSETCATALOG_COMPILER_APPICON_NAME = AppIcon;
				ASSETCATALOG_COMPILER_GLOBAL_ACCENT_COLOR_NAME = AccentColor;
				CODE_SIGN_STYLE = Automatic;
				CURRENT_PROJECT_VERSION = 1;
				DEVELOPMENT_TEAM = KTV28US9SX;
				GENERATE_INFOPLIST_FILE = YES;
				INFOPLIST_FILE = "MVCArchitecture/Supporting Files/Info.plist";
				INFOPLIST_KEY_UIApplicationSupportsIndirectInputEvents = YES;
				INFOPLIST_KEY_UILaunchStoryboardName = LaunchScreen;
				INFOPLIST_KEY_UIMainStoryboardFile = Main;
				INFOPLIST_KEY_UISupportedInterfaceOrientations_iPad = "UIInterfaceOrientationPortrait UIInterfaceOrientationPortraitUpsideDown UIInterfaceOrientationLandscapeLeft UIInterfaceOrientationLandscapeRight";
				INFOPLIST_KEY_UISupportedInterfaceOrientations_iPhone = "UIInterfaceOrientationPortrait UIInterfaceOrientationLandscapeLeft UIInterfaceOrientationLandscapeRight";
				LD_RUNPATH_SEARCH_PATHS = (
					"$(inherited)",
					"@executable_path/Frameworks",
				);
				MARKETING_VERSION = 1.0;
				PRODUCT_BUNDLE_IDENTIFIER = com.sapgv.MVCArchitecture;
				PRODUCT_NAME = "$(TARGET_NAME)";
				SWIFT_EMIT_LOC_STRINGS = YES;
				SWIFT_VERSION = 5.0;
				TARGETED_DEVICE_FAMILY = "1,2";
			};
			name = Debug;
		};
		108B8F862B4D9FAB00A23887 /* Release */ = {
			isa = XCBuildConfiguration;
			buildSettings = {
				ASSETCATALOG_COMPILER_APPICON_NAME = AppIcon;
				ASSETCATALOG_COMPILER_GLOBAL_ACCENT_COLOR_NAME = AccentColor;
				CODE_SIGN_STYLE = Automatic;
				CURRENT_PROJECT_VERSION = 1;
				DEVELOPMENT_TEAM = KTV28US9SX;
				GENERATE_INFOPLIST_FILE = YES;
				INFOPLIST_FILE = "MVCArchitecture/Supporting Files/Info.plist";
				INFOPLIST_KEY_UIApplicationSupportsIndirectInputEvents = YES;
				INFOPLIST_KEY_UILaunchStoryboardName = LaunchScreen;
				INFOPLIST_KEY_UIMainStoryboardFile = Main;
				INFOPLIST_KEY_UISupportedInterfaceOrientations_iPad = "UIInterfaceOrientationPortrait UIInterfaceOrientationPortraitUpsideDown UIInterfaceOrientationLandscapeLeft UIInterfaceOrientationLandscapeRight";
				INFOPLIST_KEY_UISupportedInterfaceOrientations_iPhone = "UIInterfaceOrientationPortrait UIInterfaceOrientationLandscapeLeft UIInterfaceOrientationLandscapeRight";
				LD_RUNPATH_SEARCH_PATHS = (
					"$(inherited)",
					"@executable_path/Frameworks",
				);
				MARKETING_VERSION = 1.0;
				PRODUCT_BUNDLE_IDENTIFIER = com.sapgv.MVCArchitecture;
				PRODUCT_NAME = "$(TARGET_NAME)";
				SWIFT_EMIT_LOC_STRINGS = YES;
				SWIFT_VERSION = 5.0;
				TARGETED_DEVICE_FAMILY = "1,2";
			};
			name = Release;
		};
		108B8FA02B4DA01900A23887 /* Debug */ = {
			isa = XCBuildConfiguration;
			buildSettings = {
				ASSETCATALOG_COMPILER_APPICON_NAME = AppIcon;
				ASSETCATALOG_COMPILER_GLOBAL_ACCENT_COLOR_NAME = AccentColor;
				CODE_SIGN_STYLE = Automatic;
				CURRENT_PROJECT_VERSION = 1;
				DEVELOPMENT_TEAM = KTV28US9SX;
				GENERATE_INFOPLIST_FILE = YES;
				INFOPLIST_FILE = "MVVMArchitecture/Supporting Files/Info.plist";
				INFOPLIST_KEY_UIApplicationSupportsIndirectInputEvents = YES;
				INFOPLIST_KEY_UILaunchStoryboardName = LaunchScreen;
				INFOPLIST_KEY_UIMainStoryboardFile = Main;
				INFOPLIST_KEY_UISupportedInterfaceOrientations_iPad = "UIInterfaceOrientationPortrait UIInterfaceOrientationPortraitUpsideDown UIInterfaceOrientationLandscapeLeft UIInterfaceOrientationLandscapeRight";
				INFOPLIST_KEY_UISupportedInterfaceOrientations_iPhone = "UIInterfaceOrientationPortrait UIInterfaceOrientationLandscapeLeft UIInterfaceOrientationLandscapeRight";
				LD_RUNPATH_SEARCH_PATHS = (
					"$(inherited)",
					"@executable_path/Frameworks",
				);
				MARKETING_VERSION = 1.0;
				PRODUCT_BUNDLE_IDENTIFIER = com.sapgv.MVVMArchitecture;
				PRODUCT_NAME = "$(TARGET_NAME)";
				SWIFT_EMIT_LOC_STRINGS = YES;
				SWIFT_VERSION = 5.0;
				TARGETED_DEVICE_FAMILY = "1,2";
			};
			name = Debug;
		};
		108B8FA12B4DA01900A23887 /* Release */ = {
			isa = XCBuildConfiguration;
			buildSettings = {
				ASSETCATALOG_COMPILER_APPICON_NAME = AppIcon;
				ASSETCATALOG_COMPILER_GLOBAL_ACCENT_COLOR_NAME = AccentColor;
				CODE_SIGN_STYLE = Automatic;
				CURRENT_PROJECT_VERSION = 1;
				DEVELOPMENT_TEAM = KTV28US9SX;
				GENERATE_INFOPLIST_FILE = YES;
				INFOPLIST_FILE = "MVVMArchitecture/Supporting Files/Info.plist";
				INFOPLIST_KEY_UIApplicationSupportsIndirectInputEvents = YES;
				INFOPLIST_KEY_UILaunchStoryboardName = LaunchScreen;
				INFOPLIST_KEY_UIMainStoryboardFile = Main;
				INFOPLIST_KEY_UISupportedInterfaceOrientations_iPad = "UIInterfaceOrientationPortrait UIInterfaceOrientationPortraitUpsideDown UIInterfaceOrientationLandscapeLeft UIInterfaceOrientationLandscapeRight";
				INFOPLIST_KEY_UISupportedInterfaceOrientations_iPhone = "UIInterfaceOrientationPortrait UIInterfaceOrientationLandscapeLeft UIInterfaceOrientationLandscapeRight";
				LD_RUNPATH_SEARCH_PATHS = (
					"$(inherited)",
					"@executable_path/Frameworks",
				);
				MARKETING_VERSION = 1.0;
				PRODUCT_BUNDLE_IDENTIFIER = com.sapgv.MVVMArchitecture;
				PRODUCT_NAME = "$(TARGET_NAME)";
				SWIFT_EMIT_LOC_STRINGS = YES;
				SWIFT_VERSION = 5.0;
				TARGETED_DEVICE_FAMILY = "1,2";
			};
			name = Release;
		};
/* End XCBuildConfiguration section */

/* Begin XCConfigurationList section */
		106396BE2B416D480056230C /* Build configuration list for PBXProject "iosArchitecture" */ = {
			isa = XCConfigurationList;
			buildConfigurations = (
				106396D52B416D490056230C /* Debug */,
				106396D62B416D490056230C /* Release */,
			);
			defaultConfigurationIsVisible = 0;
			defaultConfigurationName = Release;
		};
		108B8F532B4D9DF700A23887 /* Build configuration list for PBXNativeTarget "MVPArchitecture" */ = {
			isa = XCConfigurationList;
			buildConfigurations = (
				108B8F542B4D9DF700A23887 /* Debug */,
				108B8F552B4D9DF700A23887 /* Release */,
			);
			defaultConfigurationIsVisible = 0;
			defaultConfigurationName = Release;
		};
		108B8F842B4D9FAB00A23887 /* Build configuration list for PBXNativeTarget "MVCArchitecture" */ = {
			isa = XCConfigurationList;
			buildConfigurations = (
				108B8F852B4D9FAB00A23887 /* Debug */,
				108B8F862B4D9FAB00A23887 /* Release */,
			);
			defaultConfigurationIsVisible = 0;
			defaultConfigurationName = Release;
		};
		108B8F9F2B4DA01900A23887 /* Build configuration list for PBXNativeTarget "MVVMArchitecture" */ = {
			isa = XCConfigurationList;
			buildConfigurations = (
				108B8FA02B4DA01900A23887 /* Debug */,
				108B8FA12B4DA01900A23887 /* Release */,
			);
			defaultConfigurationIsVisible = 0;
			defaultConfigurationName = Release;
		};
/* End XCConfigurationList section */
	};
	rootObject = 106396BB2B416D480056230C /* Project object */;
}
