// !$*UTF8*$!
{
	archiveVersion = 1;
	classes = {
	};
	objectVersion = 56;
	objects = {

/* Begin PBXBuildFile section */
		1019F12E2B4B2221000120C8 /* MVPPostDetailViewController.swift in Sources */ = {isa = PBXBuildFile; fileRef = 1019F12D2B4B2221000120C8 /* MVPPostDetailViewController.swift */; };
		1019F1302B4B2356000120C8 /* PostDetailViewPresenter.swift in Sources */ = {isa = PBXBuildFile; fileRef = 1019F12F2B4B2356000120C8 /* PostDetailViewPresenter.swift */; };
		106396C72B416D480056230C /* AppDelegate.swift in Sources */ = {isa = PBXBuildFile; fileRef = 106396C62B416D480056230C /* AppDelegate.swift */; };
		106396C92B416D480056230C /* SceneDelegate.swift in Sources */ = {isa = PBXBuildFile; fileRef = 106396C82B416D480056230C /* SceneDelegate.swift */; };
		106396CE2B416D480056230C /* Main.storyboard in Resources */ = {isa = PBXBuildFile; fileRef = 106396CC2B416D480056230C /* Main.storyboard */; };
		106396D02B416D490056230C /* Assets.xcassets in Resources */ = {isa = PBXBuildFile; fileRef = 106396CF2B416D490056230C /* Assets.xcassets */; };
		106396D32B416D490056230C /* LaunchScreen.storyboard in Resources */ = {isa = PBXBuildFile; fileRef = 106396D12B416D490056230C /* LaunchScreen.storyboard */; };
		106396DD2B416D880056230C /* Api.swift in Sources */ = {isa = PBXBuildFile; fileRef = 106396DC2B416D880056230C /* Api.swift */; };
		106396E32B416D930056230C /* Model.swift in Sources */ = {isa = PBXBuildFile; fileRef = 106396DF2B416D930056230C /* Model.swift */; };
		106396E42B416D930056230C /* Post + Data.swift in Sources */ = {isa = PBXBuildFile; fileRef = 106396E02B416D930056230C /* Post + Data.swift */; };
		106396E52B416D930056230C /* Log.swift in Sources */ = {isa = PBXBuildFile; fileRef = 106396E12B416D930056230C /* Log.swift */; };
		106396E62B416D930056230C /* Post.swift in Sources */ = {isa = PBXBuildFile; fileRef = 106396E22B416D930056230C /* Post.swift */; };
		106396EB2B416D9E0056230C /* PostCell.xib in Resources */ = {isa = PBXBuildFile; fileRef = 106396E92B416D9E0056230C /* PostCell.xib */; };
		106396EC2B416D9E0056230C /* PostCell.swift in Sources */ = {isa = PBXBuildFile; fileRef = 106396EA2B416D9E0056230C /* PostCell.swift */; };
		106396F02B416DA70056230C /* MVPPostListViewController.swift in Sources */ = {isa = PBXBuildFile; fileRef = 106396EE2B416DA70056230C /* MVPPostListViewController.swift */; };
		106396F12B416DA70056230C /* MVPPostListPresenter.swift in Sources */ = {isa = PBXBuildFile; fileRef = 106396EF2B416DA70056230C /* MVPPostListPresenter.swift */; };
		106396F42B416DAF0056230C /* Extensions.swift in Sources */ = {isa = PBXBuildFile; fileRef = 106396F32B416DAF0056230C /* Extensions.swift */; };
		106396F82B416E860056230C /* MainViewController.swift in Sources */ = {isa = PBXBuildFile; fileRef = 106396F72B416E860056230C /* MainViewController.swift */; };
		106396FE2B416EBC0056230C /* Storage.swift in Sources */ = {isa = PBXBuildFile; fileRef = 106396FA2B416EBC0056230C /* Storage.swift */; };
		106397002B416EBC0056230C /* UserDefaultStorage.swift in Sources */ = {isa = PBXBuildFile; fileRef = 106396FC2B416EBC0056230C /* UserDefaultStorage.swift */; };
		106397012B416EBC0056230C /* StorageError.swift in Sources */ = {isa = PBXBuildFile; fileRef = 106396FD2B416EBC0056230C /* StorageError.swift */; };
		106397032B416F040056230C /* VerticalStackView.swift in Sources */ = {isa = PBXBuildFile; fileRef = 106397022B416F040056230C /* VerticalStackView.swift */; };
		106397052B416FD70056230C /* MainButton.swift in Sources */ = {isa = PBXBuildFile; fileRef = 106397042B416FD70056230C /* MainButton.swift */; };
		106397082B4173F80056230C /* MVCListViewController.swift in Sources */ = {isa = PBXBuildFile; fileRef = 106397072B4173F80056230C /* MVCListViewController.swift */; };
		1063970B2B4177220056230C /* MVVMPostListViewController.swift in Sources */ = {isa = PBXBuildFile; fileRef = 1063970A2B4177220056230C /* MVVMPostListViewController.swift */; };
		1063970D2B41772D0056230C /* PostListViewModel.swift in Sources */ = {isa = PBXBuildFile; fileRef = 1063970C2B41772D0056230C /* PostListViewModel.swift */; };
		10E8DCFA2B4C4047005D90E0 /* DetailTitleLabel.swift in Sources */ = {isa = PBXBuildFile; fileRef = 10E8DCF92B4C4047005D90E0 /* DetailTitleLabel.swift */; };
		10E8DCFC2B4C4089005D90E0 /* DetailTextLabel.swift in Sources */ = {isa = PBXBuildFile; fileRef = 10E8DCFB2B4C4089005D90E0 /* DetailTextLabel.swift */; };
		10E8DCFE2B4C40F0005D90E0 /* AddFavouriteButton.swift in Sources */ = {isa = PBXBuildFile; fileRef = 10E8DCFD2B4C40F0005D90E0 /* AddFavouriteButton.swift */; };
		10E8DD032B4C4845005D90E0 /* MVPTabBarController.swift in Sources */ = {isa = PBXBuildFile; fileRef = 10E8DD022B4C4845005D90E0 /* MVPTabBarController.swift */; };
		10E8DD062B4C49A6005D90E0 /* MVPFavouritePostListViewController.swift in Sources */ = {isa = PBXBuildFile; fileRef = 10E8DD052B4C49A6005D90E0 /* MVPFavouritePostListViewController.swift */; };
		10E8DD082B4C4A14005D90E0 /* MVPFavouritePostListPresenter.swift in Sources */ = {isa = PBXBuildFile; fileRef = 10E8DD072B4C4A14005D90E0 /* MVPFavouritePostListPresenter.swift */; };
/* End PBXBuildFile section */

/* Begin PBXFileReference section */
		1019F12D2B4B2221000120C8 /* MVPPostDetailViewController.swift */ = {isa = PBXFileReference; lastKnownFileType = sourcecode.swift; path = MVPPostDetailViewController.swift; sourceTree = "<group>"; };
		1019F12F2B4B2356000120C8 /* PostDetailViewPresenter.swift */ = {isa = PBXFileReference; lastKnownFileType = sourcecode.swift; path = PostDetailViewPresenter.swift; sourceTree = "<group>"; };
		106396C32B416D480056230C /* iosArchitecture.app */ = {isa = PBXFileReference; explicitFileType = wrapper.application; includeInIndex = 0; path = iosArchitecture.app; sourceTree = BUILT_PRODUCTS_DIR; };
		106396C62B416D480056230C /* AppDelegate.swift */ = {isa = PBXFileReference; lastKnownFileType = sourcecode.swift; path = AppDelegate.swift; sourceTree = "<group>"; };
		106396C82B416D480056230C /* SceneDelegate.swift */ = {isa = PBXFileReference; lastKnownFileType = sourcecode.swift; path = SceneDelegate.swift; sourceTree = "<group>"; };
		106396CD2B416D480056230C /* Base */ = {isa = PBXFileReference; lastKnownFileType = file.storyboard; name = Base; path = Base.lproj/Main.storyboard; sourceTree = "<group>"; };
		106396CF2B416D490056230C /* Assets.xcassets */ = {isa = PBXFileReference; lastKnownFileType = folder.assetcatalog; path = Assets.xcassets; sourceTree = "<group>"; };
		106396D22B416D490056230C /* Base */ = {isa = PBXFileReference; lastKnownFileType = file.storyboard; name = Base; path = Base.lproj/LaunchScreen.storyboard; sourceTree = "<group>"; };
		106396D42B416D490056230C /* Info.plist */ = {isa = PBXFileReference; lastKnownFileType = text.plist.xml; path = Info.plist; sourceTree = "<group>"; };
		106396DC2B416D880056230C /* Api.swift */ = {isa = PBXFileReference; fileEncoding = 4; lastKnownFileType = sourcecode.swift; path = Api.swift; sourceTree = "<group>"; };
		106396DF2B416D930056230C /* Model.swift */ = {isa = PBXFileReference; fileEncoding = 4; lastKnownFileType = sourcecode.swift; path = Model.swift; sourceTree = "<group>"; };
		106396E02B416D930056230C /* Post + Data.swift */ = {isa = PBXFileReference; fileEncoding = 4; lastKnownFileType = sourcecode.swift; path = "Post + Data.swift"; sourceTree = "<group>"; };
		106396E12B416D930056230C /* Log.swift */ = {isa = PBXFileReference; fileEncoding = 4; lastKnownFileType = sourcecode.swift; path = Log.swift; sourceTree = "<group>"; };
		106396E22B416D930056230C /* Post.swift */ = {isa = PBXFileReference; fileEncoding = 4; lastKnownFileType = sourcecode.swift; path = Post.swift; sourceTree = "<group>"; };
		106396E92B416D9E0056230C /* PostCell.xib */ = {isa = PBXFileReference; fileEncoding = 4; lastKnownFileType = file.xib; path = PostCell.xib; sourceTree = "<group>"; };
		106396EA2B416D9E0056230C /* PostCell.swift */ = {isa = PBXFileReference; fileEncoding = 4; lastKnownFileType = sourcecode.swift; path = PostCell.swift; sourceTree = "<group>"; };
		106396EE2B416DA70056230C /* MVPPostListViewController.swift */ = {isa = PBXFileReference; fileEncoding = 4; lastKnownFileType = sourcecode.swift; path = MVPPostListViewController.swift; sourceTree = "<group>"; };
		106396EF2B416DA70056230C /* MVPPostListPresenter.swift */ = {isa = PBXFileReference; fileEncoding = 4; lastKnownFileType = sourcecode.swift; path = MVPPostListPresenter.swift; sourceTree = "<group>"; };
		106396F32B416DAF0056230C /* Extensions.swift */ = {isa = PBXFileReference; fileEncoding = 4; lastKnownFileType = sourcecode.swift; path = Extensions.swift; sourceTree = "<group>"; };
		106396F72B416E860056230C /* MainViewController.swift */ = {isa = PBXFileReference; lastKnownFileType = sourcecode.swift; path = MainViewController.swift; sourceTree = "<group>"; };
		106396FA2B416EBC0056230C /* Storage.swift */ = {isa = PBXFileReference; fileEncoding = 4; lastKnownFileType = sourcecode.swift; path = Storage.swift; sourceTree = "<group>"; };
		106396FC2B416EBC0056230C /* UserDefaultStorage.swift */ = {isa = PBXFileReference; fileEncoding = 4; lastKnownFileType = sourcecode.swift; path = UserDefaultStorage.swift; sourceTree = "<group>"; };
		106396FD2B416EBC0056230C /* StorageError.swift */ = {isa = PBXFileReference; fileEncoding = 4; lastKnownFileType = sourcecode.swift; path = StorageError.swift; sourceTree = "<group>"; };
		106397022B416F040056230C /* VerticalStackView.swift */ = {isa = PBXFileReference; lastKnownFileType = sourcecode.swift; path = VerticalStackView.swift; sourceTree = "<group>"; };
		106397042B416FD70056230C /* MainButton.swift */ = {isa = PBXFileReference; lastKnownFileType = sourcecode.swift; path = MainButton.swift; sourceTree = "<group>"; };
		106397072B4173F80056230C /* MVCListViewController.swift */ = {isa = PBXFileReference; lastKnownFileType = sourcecode.swift; path = MVCListViewController.swift; sourceTree = "<group>"; };
		1063970A2B4177220056230C /* MVVMPostListViewController.swift */ = {isa = PBXFileReference; lastKnownFileType = sourcecode.swift; path = MVVMPostListViewController.swift; sourceTree = "<group>"; };
		1063970C2B41772D0056230C /* PostListViewModel.swift */ = {isa = PBXFileReference; lastKnownFileType = sourcecode.swift; path = PostListViewModel.swift; sourceTree = "<group>"; };
		10E8DCF92B4C4047005D90E0 /* DetailTitleLabel.swift */ = {isa = PBXFileReference; lastKnownFileType = sourcecode.swift; path = DetailTitleLabel.swift; sourceTree = "<group>"; };
		10E8DCFB2B4C4089005D90E0 /* DetailTextLabel.swift */ = {isa = PBXFileReference; lastKnownFileType = sourcecode.swift; path = DetailTextLabel.swift; sourceTree = "<group>"; };
		10E8DCFD2B4C40F0005D90E0 /* AddFavouriteButton.swift */ = {isa = PBXFileReference; lastKnownFileType = sourcecode.swift; path = AddFavouriteButton.swift; sourceTree = "<group>"; };
		10E8DD022B4C4845005D90E0 /* MVPTabBarController.swift */ = {isa = PBXFileReference; lastKnownFileType = sourcecode.swift; path = MVPTabBarController.swift; sourceTree = "<group>"; };
		10E8DD052B4C49A6005D90E0 /* MVPFavouritePostListViewController.swift */ = {isa = PBXFileReference; lastKnownFileType = sourcecode.swift; path = MVPFavouritePostListViewController.swift; sourceTree = "<group>"; };
		10E8DD072B4C4A14005D90E0 /* MVPFavouritePostListPresenter.swift */ = {isa = PBXFileReference; lastKnownFileType = sourcecode.swift; path = MVPFavouritePostListPresenter.swift; sourceTree = "<group>"; };
/* End PBXFileReference section */

/* Begin PBXFrameworksBuildPhase section */
		106396C02B416D480056230C /* Frameworks */ = {
			isa = PBXFrameworksBuildPhase;
			buildActionMask = 2147483647;
			files = (
			);
			runOnlyForDeploymentPostprocessing = 0;
		};
/* End PBXFrameworksBuildPhase section */

/* Begin PBXGroup section */
		1019F12C2B4B2201000120C8 /* MVPPostDetailViewController */ = {
			isa = PBXGroup;
			children = (
				1019F12F2B4B2356000120C8 /* PostDetailViewPresenter.swift */,
				1019F12D2B4B2221000120C8 /* MVPPostDetailViewController.swift */,
			);
			path = MVPPostDetailViewController;
			sourceTree = "<group>";
		};
		106396BA2B416D480056230C = {
			isa = PBXGroup;
			children = (
				106396C52B416D480056230C /* iosArchitecture */,
				106396C42B416D480056230C /* Products */,
			);
			sourceTree = "<group>";
		};
		106396C42B416D480056230C /* Products */ = {
			isa = PBXGroup;
			children = (
				106396C32B416D480056230C /* iosArchitecture.app */,
			);
			name = Products;
			sourceTree = "<group>";
		};
		106396C52B416D480056230C /* iosArchitecture */ = {
			isa = PBXGroup;
			children = (
				106396F92B416EBC0056230C /* Storage */,
				106396DE2B416D930056230C /* Model */,
				106396DB2B416D880056230C /* Api */,
				106396F22B416DAF0056230C /* Extensions */,
				106396E72B416D9E0056230C /* View */,
				106396F52B416E6F0056230C /* Views */,
				106396DA2B416D510056230C /* Supporting Files */,
			);
			path = iosArchitecture;
			sourceTree = "<group>";
		};
		106396DA2B416D510056230C /* Supporting Files */ = {
			isa = PBXGroup;
			children = (
				106396C62B416D480056230C /* AppDelegate.swift */,
				106396C82B416D480056230C /* SceneDelegate.swift */,
				106396CC2B416D480056230C /* Main.storyboard */,
				106396CF2B416D490056230C /* Assets.xcassets */,
				106396D12B416D490056230C /* LaunchScreen.storyboard */,
				106396D42B416D490056230C /* Info.plist */,
			);
			path = "Supporting Files";
			sourceTree = "<group>";
		};
		106396DB2B416D880056230C /* Api */ = {
			isa = PBXGroup;
			children = (
				106396DC2B416D880056230C /* Api.swift */,
			);
			path = Api;
			sourceTree = "<group>";
		};
		106396DE2B416D930056230C /* Model */ = {
			isa = PBXGroup;
			children = (
				106396DF2B416D930056230C /* Model.swift */,
				106396E02B416D930056230C /* Post + Data.swift */,
				106396E12B416D930056230C /* Log.swift */,
				106396E22B416D930056230C /* Post.swift */,
			);
			path = Model;
			sourceTree = "<group>";
		};
		106396E72B416D9E0056230C /* View */ = {
			isa = PBXGroup;
			children = (
				106396E82B416D9E0056230C /* Xib */,
				106397022B416F040056230C /* VerticalStackView.swift */,
				106397042B416FD70056230C /* MainButton.swift */,
			);
			path = View;
			sourceTree = "<group>";
		};
		106396E82B416D9E0056230C /* Xib */ = {
			isa = PBXGroup;
			children = (
				106396E92B416D9E0056230C /* PostCell.xib */,
				106396EA2B416D9E0056230C /* PostCell.swift */,
			);
			path = Xib;
			sourceTree = "<group>";
		};
		106396ED2B416DA70056230C /* MVP */ = {
			isa = PBXGroup;
			children = (
				10E8DD042B4C4993005D90E0 /* MVPFavouritePostListViewController */,
				10E8DD012B4C4822005D90E0 /* MVPTabBarController */,
				10E8DD002B4C47EB005D90E0 /* MVPPostListViewController */,
				1019F12C2B4B2201000120C8 /* MVPPostDetailViewController */,
			);
			path = MVP;
			sourceTree = "<group>";
		};
		106396F22B416DAF0056230C /* Extensions */ = {
			isa = PBXGroup;
			children = (
				106396F32B416DAF0056230C /* Extensions.swift */,
			);
			path = Extensions;
			sourceTree = "<group>";
		};
		106396F52B416E6F0056230C /* Views */ = {
			isa = PBXGroup;
			children = (
				106396F62B416E790056230C /* MainViewController */,
				106397062B4173E00056230C /* MVC */,
				106397092B41770F0056230C /* MVVM */,
				106396ED2B416DA70056230C /* MVP */,
				10E8DCF82B4C4035005D90E0 /* UI */,
			);
			path = Views;
			sourceTree = "<group>";
		};
		106396F62B416E790056230C /* MainViewController */ = {
			isa = PBXGroup;
			children = (
				106396F72B416E860056230C /* MainViewController.swift */,
			);
			path = MainViewController;
			sourceTree = "<group>";
		};
		106396F92B416EBC0056230C /* Storage */ = {
			isa = PBXGroup;
			children = (
				106396FA2B416EBC0056230C /* Storage.swift */,
				106396FC2B416EBC0056230C /* UserDefaultStorage.swift */,
				106396FD2B416EBC0056230C /* StorageError.swift */,
			);
			path = Storage;
			sourceTree = "<group>";
		};
		106397062B4173E00056230C /* MVC */ = {
			isa = PBXGroup;
			children = (
				106397072B4173F80056230C /* MVCListViewController.swift */,
			);
			path = MVC;
			sourceTree = "<group>";
		};
		106397092B41770F0056230C /* MVVM */ = {
			isa = PBXGroup;
			children = (
				1063970C2B41772D0056230C /* PostListViewModel.swift */,
				1063970A2B4177220056230C /* MVVMPostListViewController.swift */,
			);
			path = MVVM;
			sourceTree = "<group>";
		};
		10E8DCF82B4C4035005D90E0 /* UI */ = {
			isa = PBXGroup;
			children = (
				10E8DCF92B4C4047005D90E0 /* DetailTitleLabel.swift */,
				10E8DCFB2B4C4089005D90E0 /* DetailTextLabel.swift */,
				10E8DCFD2B4C40F0005D90E0 /* AddFavouriteButton.swift */,
			);
			path = UI;
			sourceTree = "<group>";
		};
		10E8DD002B4C47EB005D90E0 /* MVPPostListViewController */ = {
			isa = PBXGroup;
			children = (
				106396EF2B416DA70056230C /* MVPPostListPresenter.swift */,
				106396EE2B416DA70056230C /* MVPPostListViewController.swift */,
			);
			path = MVPPostListViewController;
			sourceTree = "<group>";
		};
		10E8DD012B4C4822005D90E0 /* MVPTabBarController */ = {
			isa = PBXGroup;
			children = (
				10E8DD022B4C4845005D90E0 /* MVPTabBarController.swift */,
			);
			path = MVPTabBarController;
			sourceTree = "<group>";
		};
		10E8DD042B4C4993005D90E0 /* MVPFavouritePostListViewController */ = {
			isa = PBXGroup;
			children = (
				10E8DD072B4C4A14005D90E0 /* MVPFavouritePostListPresenter.swift */,
				10E8DD052B4C49A6005D90E0 /* MVPFavouritePostListViewController.swift */,
			);
			path = MVPFavouritePostListViewController;
			sourceTree = "<group>";
		};
/* End PBXGroup section */

/* Begin PBXNativeTarget section */
		106396C22B416D480056230C /* iosArchitecture */ = {
			isa = PBXNativeTarget;
			buildConfigurationList = 106396D72B416D490056230C /* Build configuration list for PBXNativeTarget "iosArchitecture" */;
			buildPhases = (
				106396BF2B416D480056230C /* Sources */,
				106396C02B416D480056230C /* Frameworks */,
				106396C12B416D480056230C /* Resources */,
			);
			buildRules = (
			);
			dependencies = (
			);
			name = iosArchitecture;
			productName = iosArchitecture;
			productReference = 106396C32B416D480056230C /* iosArchitecture.app */;
			productType = "com.apple.product-type.application";
		};
/* End PBXNativeTarget section */

/* Begin PBXProject section */
		106396BB2B416D480056230C /* Project object */ = {
			isa = PBXProject;
			attributes = {
				BuildIndependentTargetsInParallel = 1;
				LastSwiftUpdateCheck = 1420;
				LastUpgradeCheck = 1420;
				TargetAttributes = {
					106396C22B416D480056230C = {
						CreatedOnToolsVersion = 14.2;
					};
				};
			};
			buildConfigurationList = 106396BE2B416D480056230C /* Build configuration list for PBXProject "iosArchitecture" */;
			compatibilityVersion = "Xcode 14.0";
			developmentRegion = en;
			hasScannedForEncodings = 0;
			knownRegions = (
				en,
				Base,
			);
			mainGroup = 106396BA2B416D480056230C;
			productRefGroup = 106396C42B416D480056230C /* Products */;
			projectDirPath = "";
			projectRoot = "";
			targets = (
				106396C22B416D480056230C /* iosArchitecture */,
			);
		};
/* End PBXProject section */

/* Begin PBXResourcesBuildPhase section */
		106396C12B416D480056230C /* Resources */ = {
			isa = PBXResourcesBuildPhase;
			buildActionMask = 2147483647;
			files = (
				106396D32B416D490056230C /* LaunchScreen.storyboard in Resources */,
				106396D02B416D490056230C /* Assets.xcassets in Resources */,
				106396CE2B416D480056230C /* Main.storyboard in Resources */,
				106396EB2B416D9E0056230C /* PostCell.xib in Resources */,
			);
			runOnlyForDeploymentPostprocessing = 0;
		};
/* End PBXResourcesBuildPhase section */

/* Begin PBXSourcesBuildPhase section */
		106396BF2B416D480056230C /* Sources */ = {
			isa = PBXSourcesBuildPhase;
			buildActionMask = 2147483647;
			files = (
				10E8DCFC2B4C4089005D90E0 /* DetailTextLabel.swift in Sources */,
				106397002B416EBC0056230C /* UserDefaultStorage.swift in Sources */,
				1019F12E2B4B2221000120C8 /* MVPPostDetailViewController.swift in Sources */,
				10E8DD032B4C4845005D90E0 /* MVPTabBarController.swift in Sources */,
				10E8DD082B4C4A14005D90E0 /* MVPFavouritePostListPresenter.swift in Sources */,
				10E8DCFA2B4C4047005D90E0 /* DetailTitleLabel.swift in Sources */,
				106396F12B416DA70056230C /* MVPPostListPresenter.swift in Sources */,
				106396E32B416D930056230C /* Model.swift in Sources */,
				106396E52B416D930056230C /* Log.swift in Sources */,
				106396F82B416E860056230C /* MainViewController.swift in Sources */,
				106396E62B416D930056230C /* Post.swift in Sources */,
				10E8DCFE2B4C40F0005D90E0 /* AddFavouriteButton.swift in Sources */,
				106396C72B416D480056230C /* AppDelegate.swift in Sources */,
				106396EC2B416D9E0056230C /* PostCell.swift in Sources */,
				106396F42B416DAF0056230C /* Extensions.swift in Sources */,
				106397082B4173F80056230C /* MVCListViewController.swift in Sources */,
				1063970D2B41772D0056230C /* PostListViewModel.swift in Sources */,
				106397052B416FD70056230C /* MainButton.swift in Sources */,
				106396F02B416DA70056230C /* MVPPostListViewController.swift in Sources */,
				106396E42B416D930056230C /* Post + Data.swift in Sources */,
				106396DD2B416D880056230C /* Api.swift in Sources */,
				1019F1302B4B2356000120C8 /* PostDetailViewPresenter.swift in Sources */,
				106397012B416EBC0056230C /* StorageError.swift in Sources */,
				106397032B416F040056230C /* VerticalStackView.swift in Sources */,
				10E8DD062B4C49A6005D90E0 /* MVPFavouritePostListViewController.swift in Sources */,
				106396C92B416D480056230C /* SceneDelegate.swift in Sources */,
				1063970B2B4177220056230C /* MVVMPostListViewController.swift in Sources */,
				106396FE2B416EBC0056230C /* Storage.swift in Sources */,
			);
			runOnlyForDeploymentPostprocessing = 0;
		};
/* End PBXSourcesBuildPhase section */

/* Begin PBXVariantGroup section */
		106396CC2B416D480056230C /* Main.storyboard */ = {
			isa = PBXVariantGroup;
			children = (
				106396CD2B416D480056230C /* Base */,
			);
			name = Main.storyboard;
			sourceTree = "<group>";
		};
		106396D12B416D490056230C /* LaunchScreen.storyboard */ = {
			isa = PBXVariantGroup;
			children = (
				106396D22B416D490056230C /* Base */,
			);
			name = LaunchScreen.storyboard;
			sourceTree = "<group>";
		};
/* End PBXVariantGroup section */

/* Begin XCBuildConfiguration section */
		106396D52B416D490056230C /* Debug */ = {
			isa = XCBuildConfiguration;
			buildSettings = {
				ALWAYS_SEARCH_USER_PATHS = NO;
				CLANG_ANALYZER_NONNULL = YES;
				CLANG_ANALYZER_NUMBER_OBJECT_CONVERSION = YES_AGGRESSIVE;
				CLANG_CXX_LANGUAGE_STANDARD = "gnu++20";
				CLANG_ENABLE_MODULES = YES;
				CLANG_ENABLE_OBJC_ARC = YES;
				CLANG_ENABLE_OBJC_WEAK = YES;
				CLANG_WARN_BLOCK_CAPTURE_AUTORELEASING = YES;
				CLANG_WARN_BOOL_CONVERSION = YES;
				CLANG_WARN_COMMA = YES;
				CLANG_WARN_CONSTANT_CONVERSION = YES;
				CLANG_WARN_DEPRECATED_OBJC_IMPLEMENTATIONS = YES;
				CLANG_WARN_DIRECT_OBJC_ISA_USAGE = YES_ERROR;
				CLANG_WARN_DOCUMENTATION_COMMENTS = YES;
				CLANG_WARN_EMPTY_BODY = YES;
				CLANG_WARN_ENUM_CONVERSION = YES;
				CLANG_WARN_INFINITE_RECURSION = YES;
				CLANG_WARN_INT_CONVERSION = YES;
				CLANG_WARN_NON_LITERAL_NULL_CONVERSION = YES;
				CLANG_WARN_OBJC_IMPLICIT_RETAIN_SELF = YES;
				CLANG_WARN_OBJC_LITERAL_CONVERSION = YES;
				CLANG_WARN_OBJC_ROOT_CLASS = YES_ERROR;
				CLANG_WARN_QUOTED_INCLUDE_IN_FRAMEWORK_HEADER = YES;
				CLANG_WARN_RANGE_LOOP_ANALYSIS = YES;
				CLANG_WARN_STRICT_PROTOTYPES = YES;
				CLANG_WARN_SUSPICIOUS_MOVE = YES;
				CLANG_WARN_UNGUARDED_AVAILABILITY = YES_AGGRESSIVE;
				CLANG_WARN_UNREACHABLE_CODE = YES;
				CLANG_WARN__DUPLICATE_METHOD_MATCH = YES;
				COPY_PHASE_STRIP = NO;
				DEBUG_INFORMATION_FORMAT = dwarf;
				ENABLE_STRICT_OBJC_MSGSEND = YES;
				ENABLE_TESTABILITY = YES;
				GCC_C_LANGUAGE_STANDARD = gnu11;
				GCC_DYNAMIC_NO_PIC = NO;
				GCC_NO_COMMON_BLOCKS = YES;
				GCC_OPTIMIZATION_LEVEL = 0;
				GCC_PREPROCESSOR_DEFINITIONS = (
					"DEBUG=1",
					"$(inherited)",
				);
				GCC_WARN_64_TO_32_BIT_CONVERSION = YES;
				GCC_WARN_ABOUT_RETURN_TYPE = YES_ERROR;
				GCC_WARN_UNDECLARED_SELECTOR = YES;
				GCC_WARN_UNINITIALIZED_AUTOS = YES_AGGRESSIVE;
				GCC_WARN_UNUSED_FUNCTION = YES;
				GCC_WARN_UNUSED_VARIABLE = YES;
				IPHONEOS_DEPLOYMENT_TARGET = 16.2;
				MTL_ENABLE_DEBUG_INFO = INCLUDE_SOURCE;
				MTL_FAST_MATH = YES;
				ONLY_ACTIVE_ARCH = YES;
				SDKROOT = iphoneos;
				SWIFT_ACTIVE_COMPILATION_CONDITIONS = DEBUG;
				SWIFT_OPTIMIZATION_LEVEL = "-Onone";
			};
			name = Debug;
		};
		106396D62B416D490056230C /* Release */ = {
			isa = XCBuildConfiguration;
			buildSettings = {
				ALWAYS_SEARCH_USER_PATHS = NO;
				CLANG_ANALYZER_NONNULL = YES;
				CLANG_ANALYZER_NUMBER_OBJECT_CONVERSION = YES_AGGRESSIVE;
				CLANG_CXX_LANGUAGE_STANDARD = "gnu++20";
				CLANG_ENABLE_MODULES = YES;
				CLANG_ENABLE_OBJC_ARC = YES;
				CLANG_ENABLE_OBJC_WEAK = YES;
				CLANG_WARN_BLOCK_CAPTURE_AUTORELEASING = YES;
				CLANG_WARN_BOOL_CONVERSION = YES;
				CLANG_WARN_COMMA = YES;
				CLANG_WARN_CONSTANT_CONVERSION = YES;
				CLANG_WARN_DEPRECATED_OBJC_IMPLEMENTATIONS = YES;
				CLANG_WARN_DIRECT_OBJC_ISA_USAGE = YES_ERROR;
				CLANG_WARN_DOCUMENTATION_COMMENTS = YES;
				CLANG_WARN_EMPTY_BODY = YES;
				CLANG_WARN_ENUM_CONVERSION = YES;
				CLANG_WARN_INFINITE_RECURSION = YES;
				CLANG_WARN_INT_CONVERSION = YES;
				CLANG_WARN_NON_LITERAL_NULL_CONVERSION = YES;
				CLANG_WARN_OBJC_IMPLICIT_RETAIN_SELF = YES;
				CLANG_WARN_OBJC_LITERAL_CONVERSION = YES;
				CLANG_WARN_OBJC_ROOT_CLASS = YES_ERROR;
				CLANG_WARN_QUOTED_INCLUDE_IN_FRAMEWORK_HEADER = YES;
				CLANG_WARN_RANGE_LOOP_ANALYSIS = YES;
				CLANG_WARN_STRICT_PROTOTYPES = YES;
				CLANG_WARN_SUSPICIOUS_MOVE = YES;
				CLANG_WARN_UNGUARDED_AVAILABILITY = YES_AGGRESSIVE;
				CLANG_WARN_UNREACHABLE_CODE = YES;
				CLANG_WARN__DUPLICATE_METHOD_MATCH = YES;
				COPY_PHASE_STRIP = NO;
				DEBUG_INFORMATION_FORMAT = "dwarf-with-dsym";
				ENABLE_NS_ASSERTIONS = NO;
				ENABLE_STRICT_OBJC_MSGSEND = YES;
				GCC_C_LANGUAGE_STANDARD = gnu11;
				GCC_NO_COMMON_BLOCKS = YES;
				GCC_WARN_64_TO_32_BIT_CONVERSION = YES;
				GCC_WARN_ABOUT_RETURN_TYPE = YES_ERROR;
				GCC_WARN_UNDECLARED_SELECTOR = YES;
				GCC_WARN_UNINITIALIZED_AUTOS = YES_AGGRESSIVE;
				GCC_WARN_UNUSED_FUNCTION = YES;
				GCC_WARN_UNUSED_VARIABLE = YES;
				IPHONEOS_DEPLOYMENT_TARGET = 16.2;
				MTL_ENABLE_DEBUG_INFO = NO;
				MTL_FAST_MATH = YES;
				SDKROOT = iphoneos;
				SWIFT_COMPILATION_MODE = wholemodule;
				SWIFT_OPTIMIZATION_LEVEL = "-O";
				VALIDATE_PRODUCT = YES;
			};
			name = Release;
		};
		106396D82B416D490056230C /* Debug */ = {
			isa = XCBuildConfiguration;
			buildSettings = {
				ASSETCATALOG_COMPILER_APPICON_NAME = AppIcon;
				ASSETCATALOG_COMPILER_GLOBAL_ACCENT_COLOR_NAME = AccentColor;
				CODE_SIGN_STYLE = Automatic;
				CURRENT_PROJECT_VERSION = 1;
				DEVELOPMENT_TEAM = KTV28US9SX;
				GENERATE_INFOPLIST_FILE = YES;
				INFOPLIST_FILE = "iosArchitecture/Supporting Files/Info.plist";
				INFOPLIST_KEY_UIApplicationSupportsIndirectInputEvents = YES;
				INFOPLIST_KEY_UILaunchStoryboardName = LaunchScreen;
				INFOPLIST_KEY_UIMainStoryboardFile = Main;
				INFOPLIST_KEY_UISupportedInterfaceOrientations_iPad = "UIInterfaceOrientationPortrait UIInterfaceOrientationPortraitUpsideDown UIInterfaceOrientationLandscapeLeft UIInterfaceOrientationLandscapeRight";
				INFOPLIST_KEY_UISupportedInterfaceOrientations_iPhone = "UIInterfaceOrientationPortrait UIInterfaceOrientationLandscapeLeft UIInterfaceOrientationLandscapeRight";
				LD_RUNPATH_SEARCH_PATHS = (
					"$(inherited)",
					"@executable_path/Frameworks",
				);
				MARKETING_VERSION = 1.0;
				PRODUCT_BUNDLE_IDENTIFIER = com.sapgv.iosArchitecture;
				PRODUCT_NAME = "$(TARGET_NAME)";
				SWIFT_EMIT_LOC_STRINGS = YES;
				SWIFT_VERSION = 5.0;
				TARGETED_DEVICE_FAMILY = "1,2";
			};
			name = Debug;
		};
		106396D92B416D490056230C /* Release */ = {
			isa = XCBuildConfiguration;
			buildSettings = {
				ASSETCATALOG_COMPILER_APPICON_NAME = AppIcon;
				ASSETCATALOG_COMPILER_GLOBAL_ACCENT_COLOR_NAME = AccentColor;
				CODE_SIGN_STYLE = Automatic;
				CURRENT_PROJECT_VERSION = 1;
				DEVELOPMENT_TEAM = KTV28US9SX;
				GENERATE_INFOPLIST_FILE = YES;
				INFOPLIST_FILE = "iosArchitecture/Supporting Files/Info.plist";
				INFOPLIST_KEY_UIApplicationSupportsIndirectInputEvents = YES;
				INFOPLIST_KEY_UILaunchStoryboardName = LaunchScreen;
				INFOPLIST_KEY_UIMainStoryboardFile = Main;
				INFOPLIST_KEY_UISupportedInterfaceOrientations_iPad = "UIInterfaceOrientationPortrait UIInterfaceOrientationPortraitUpsideDown UIInterfaceOrientationLandscapeLeft UIInterfaceOrientationLandscapeRight";
				INFOPLIST_KEY_UISupportedInterfaceOrientations_iPhone = "UIInterfaceOrientationPortrait UIInterfaceOrientationLandscapeLeft UIInterfaceOrientationLandscapeRight";
				LD_RUNPATH_SEARCH_PATHS = (
					"$(inherited)",
					"@executable_path/Frameworks",
				);
				MARKETING_VERSION = 1.0;
				PRODUCT_BUNDLE_IDENTIFIER = com.sapgv.iosArchitecture;
				PRODUCT_NAME = "$(TARGET_NAME)";
				SWIFT_EMIT_LOC_STRINGS = YES;
				SWIFT_VERSION = 5.0;
				TARGETED_DEVICE_FAMILY = "1,2";
			};
			name = Release;
		};
/* End XCBuildConfiguration section */

/* Begin XCConfigurationList section */
		106396BE2B416D480056230C /* Build configuration list for PBXProject "iosArchitecture" */ = {
			isa = XCConfigurationList;
			buildConfigurations = (
				106396D52B416D490056230C /* Debug */,
				106396D62B416D490056230C /* Release */,
			);
			defaultConfigurationIsVisible = 0;
			defaultConfigurationName = Release;
		};
		106396D72B416D490056230C /* Build configuration list for PBXNativeTarget "iosArchitecture" */ = {
			isa = XCConfigurationList;
			buildConfigurations = (
				106396D82B416D490056230C /* Debug */,
				106396D92B416D490056230C /* Release */,
			);
			defaultConfigurationIsVisible = 0;
			defaultConfigurationName = Release;
		};
/* End XCConfigurationList section */
	};
	rootObject = 106396BB2B416D480056230C /* Project object */;
}
